
Microsoft Visual Studio Solution File, Format Version 12.00
# Visual Studio 2013
VisualStudioVersion = 12.0.21005.1
MinimumVisualStudioVersion = 10.0.40219.1
Project("{2150E333-8FDC-42A3-9474-1A3956D46DE8}") = "Unit Tests", "Unit Tests", "{CE4CFACE-EF19-4F1C-B633-9ADB108EDF15}"
EndProject
Project("{2150E333-8FDC-42A3-9474-1A3956D46DE8}") = "PayApplication", "PayApplication", "{A88F789C-A21E-42D4-AFBB-378D9564F969}"
EndProject
Project("{2150E333-8FDC-42A3-9474-1A3956D46DE8}") = "ScheduledTask", "ScheduledTask", "{A836F41A-4E26-4D0F-ADCD-7FCC453DE0B8}"
EndProject
Project("{2150E333-8FDC-42A3-9474-1A3956D46DE8}") = "SocketDemo", "SocketDemo", "{588B4B08-E16A-4B48-810D-4829532F8F29}"
EndProject
Project("{2150E333-8FDC-42A3-9474-1A3956D46DE8}") = "SignalR", "SignalR", "{A3BD5337-765C-41EA-8EFC-412C89CCDBE7}"
EndProject
Project("{2150E333-8FDC-42A3-9474-1A3956D46DE8}") = "Framework", "Framework", "{327DBAC7-BB17-40B4-8EA1-DA68CE45A80D}"
EndProject
Project("{FAE04EC0-301F-11D3-BF4B-00C04F79EFBC}") = "ConsoleApplication", "ConsoleApplication\ConsoleApplication.csproj", "{09160274-DEEF-4A40-8BFD-6D5C6E798B7F}"
EndProject
Project("{FAE04EC0-301F-11D3-BF4B-00C04F79EFBC}") = "EmitMapper", "EmitMapper\EmitMapper.csproj", "{1B6AB0C8-B8E2-47AC-89E8-8B029EA1BCA2}"
EndProject
Project("{FAE04EC0-301F-11D3-BF4B-00C04F79EFBC}") = "UnitTest.Services", "UnitTest.Services\UnitTest.Services.csproj", "{71B295C7-0CDD-45DD-B006-2EFA8667097D}"
EndProject
Project("{FAE04EC0-301F-11D3-BF4B-00C04F79EFBC}") = "Demo.UnitTest", "Demo.UnitTest\Demo.UnitTest.csproj", "{4AE3F6E3-7908-4EBD-981C-FB8361F5771B}"
EndProject
Project("{E24C65DC-7377-472B-9ABA-BC803B73C61A}") = "create_direct_pay_by_user-CSHARP-UTF-8", "create_direct_pay_by_user-CSHARP-UTF-8\", "{9E1DE99C-F6AA-443F-8B90-3485FECFF850}"
	ProjectSection(WebsiteProperties) = preProject
		TargetFrameworkMoniker = ".NETFramework,Version%3Dv2.0"
		Debug.AspNetCompiler.VirtualPath = "/create_direct_pay_by_user-CSHARP-UTF-8"
		Debug.AspNetCompiler.PhysicalPath = "create_direct_pay_by_user-CSHARP-UTF-8\"
		Debug.AspNetCompiler.TargetPath = "PrecompiledWeb\create_direct_pay_by_user-CSHARP-UTF-8\"
		Debug.AspNetCompiler.Updateable = "true"
		Debug.AspNetCompiler.ForceOverwrite = "true"
		Debug.AspNetCompiler.FixedNames = "false"
		Debug.AspNetCompiler.Debug = "True"
		Release.AspNetCompiler.VirtualPath = "/create_direct_pay_by_user-CSHARP-UTF-8"
		Release.AspNetCompiler.PhysicalPath = "create_direct_pay_by_user-CSHARP-UTF-8\"
		Release.AspNetCompiler.TargetPath = "PrecompiledWeb\create_direct_pay_by_user-CSHARP-UTF-8\"
		Release.AspNetCompiler.Updateable = "true"
		Release.AspNetCompiler.ForceOverwrite = "true"
		Release.AspNetCompiler.FixedNames = "false"
		Release.AspNetCompiler.Debug = "False"
		VWDPort = "3931"
		SlnRelativePath = "create_direct_pay_by_user-CSHARP-UTF-8\"
	EndProjectSection
EndProject
Project("{FAE04EC0-301F-11D3-BF4B-00C04F79EFBC}") = "ScheduledTask", "ScheduledTask\ScheduledTask.csproj", "{7D949744-4557-45C9-86C4-44401F5B49D1}"
EndProject
Project("{FAE04EC0-301F-11D3-BF4B-00C04F79EFBC}") = "WinForms", "WinForms\WinForms.csproj", "{468C91CB-0518-4E17-9445-5E93ABC0BF36}"
EndProject
Project("{FAE04EC0-301F-11D3-BF4B-00C04F79EFBC}") = "winFormService", "winFormService\winFormService.csproj", "{84CEC71A-F110-4A54-A021-F6A324EC1B9F}"
EndProject
Project("{FAE04EC0-301F-11D3-BF4B-00C04F79EFBC}") = "Service", "Service\Service.csproj", "{4B7C063F-72E1-46B0-B5B0-BDB53B51B434}"
EndProject
Project("{FAE04EC0-301F-11D3-BF4B-00C04F79EFBC}") = "Client", "Client\Client.csproj", "{EBDBBF2B-697D-49C0-850F-5C9DD5DE49F9}"
EndProject
Project("{FAE04EC0-301F-11D3-BF4B-00C04F79EFBC}") = "MvcSignalR", "MvcSignalR\MvcSignalR.csproj", "{785D7DA2-4C66-4EF7-AC77-37F246F03900}"
EndProject
Project("{FAE04EC0-301F-11D3-BF4B-00C04F79EFBC}") = "SingnalRService", "SingnalRService\SingnalRService.csproj", "{1344C3D8-E137-48BC-8A87-42A8BFDF6651}"
EndProject
Project("{FAE04EC0-301F-11D3-BF4B-00C04F79EFBC}") = "PosConsole", "PosConsole\PosConsole.csproj", "{4C1CC9BA-626F-48E9-8795-D2AEA77FB1EF}"
EndProject
Project("{FAE04EC0-301F-11D3-BF4B-00C04F79EFBC}") = "CommLibrary", "CommLibrary\CommLibrary.csproj", "{1BAACAF3-B3B8-40C4-8B94-42127A97D978}"
EndProject
Project("{2150E333-8FDC-42A3-9474-1A3956D46DE8}") = "C", "C", "{18A89F16-05E4-4894-B8E3-F9CF12DE981E}"
EndProject
Project("{FAE04EC0-301F-11D3-BF4B-00C04F79EFBC}") = "FenCi", "FenCi\FenCi.csproj", "{C3D7B7BC-1AFB-446B-B8AA-624435CE6781}"
EndProject
Project("{FAE04EC0-301F-11D3-BF4B-00C04F79EFBC}") = "UPdate", "UPdate\UPdate.csproj", "{F6ABAF1B-D5E8-4C28-BDF2-40226C28552B}"
EndProject
Project("{FAE04EC0-301F-11D3-BF4B-00C04F79EFBC}") = "DynamicCode", "DynamicCode\DynamicCode.csproj", "{ADE1F1CE-9DFA-445C-8E11-71CF382F1DA1}"
EndProject
Project("{FAE04EC0-301F-11D3-BF4B-00C04F79EFBC}") = "AsyncWebRequest", "AsyncWebRequest\AsyncWebRequest.csproj", "{11B86498-B22A-4C64-A626-C991127272FD}"
EndProject
Project("{2150E333-8FDC-42A3-9474-1A3956D46DE8}") = "WPF", "WPF", "{A5A022F8-1C7D-4B7A-8B42-F75B02F8E6B3}"
EndProject
Project("{FAE04EC0-301F-11D3-BF4B-00C04F79EFBC}") = "wpfDemo", "wpfDemo\wpfDemo.csproj", "{3F49AEA1-EC8A-4F80-924C-AB3CAC9C1D6E}"
EndProject
Project("{FAE04EC0-301F-11D3-BF4B-00C04F79EFBC}") = "WpfTest", "WpfTest\WpfTest.csproj", "{3368D295-80BA-430F-A0BF-7703F7A39D44}"
EndProject
Project("{FAE04EC0-301F-11D3-BF4B-00C04F79EFBC}") = "ui", "ui\ui.csproj", "{CA110C0F-605C-4946-8BFF-F550A0177660}"
EndProject
Project("{FAE04EC0-301F-11D3-BF4B-00C04F79EFBC}") = "WpfUI", "WpfUI\WpfUI.csproj", "{CA864C72-3061-4E6A-8D15-099021E2F6F4}"
EndProject
Project("{FAE04EC0-301F-11D3-BF4B-00C04F79EFBC}") = "360UI", "360UI\360UI.csproj", "{B3667589-D9B1-489E-AB4F-D1EC06A40A9D}"
EndProject
Project("{FAE04EC0-301F-11D3-BF4B-00C04F79EFBC}") = "WpfApplication3", "WpfApplication3\WpfApplication3.csproj", "{2484B5E6-059B-4A4F-942B-45BE9DFD57EB}"
EndProject
Project("{FAE04EC0-301F-11D3-BF4B-00C04F79EFBC}") = "WpfApplication1", "ActionList\WpfApplication1\WpfApplication1.csproj", "{EA0DC1C0-B875-45ED-B86B-B548C077E5FA}"
EndProject
Project("{FAE04EC0-301F-11D3-BF4B-00C04F79EFBC}") = "EFMySql", "EFMySql\EFMySql.csproj", "{BB8A87E3-7CE9-41F2-87D5-1E480A3E6061}"
EndProject
Project("{2150E333-8FDC-42A3-9474-1A3956D46DE8}") = "ElectronicTicketVoucherSystem", "ElectronicTicketVoucherSystem", "{DBD32226-6ABB-40A9-B4D5-A84947FACB38}"
EndProject
Project("{2150E333-8FDC-42A3-9474-1A3956D46DE8}") = "Infrastructure", "Infrastructure", "{41272464-B3B6-4333-BEB9-7F825587A557}"
EndProject
Project("{2150E333-8FDC-42A3-9474-1A3956D46DE8}") = "Domain Models", "Domain Models", "{7589E196-5802-46DA-AB17-E59D1EAF9BAF}"
EndProject
Project("{2150E333-8FDC-42A3-9474-1A3956D46DE8}") = "Repositories", "Repositories", "{26C5AA3F-8798-4AB9-B211-1CFD3B2F1E4F}"
EndProject
Project("{2150E333-8FDC-42A3-9474-1A3956D46DE8}") = "Domain Service Layer", "Domain Service Layer", "{7EB37CC4-2F91-4C18-B249-2C09A78E7CDC}"
EndProject
Project("{2150E333-8FDC-42A3-9474-1A3956D46DE8}") = "Domain Work Units", "Domain Work Units", "{2F807CC5-576C-4792-8EF9-267216898014}"
EndProject
Project("{2150E333-8FDC-42A3-9474-1A3956D46DE8}") = "UI", "UI", "{22F7EC87-BC85-441B-93B4-601D2DB75128}"
EndProject
Project("{FAE04EC0-301F-11D3-BF4B-00C04F79EFBC}") = "ETVS.Utility", "ETVS.Utility\ETVS.Utility.csproj", "{C77744CE-FFBE-4EB6-81C3-766DEC0D5634}"
EndProject
Project("{FAE04EC0-301F-11D3-BF4B-00C04F79EFBC}") = "ETVS.Framework", "ETVS.Framework\ETVS.Framework.csproj", "{04567B25-756F-4886-AF9E-FFA40B2E2D23}"
EndProject
Project("{FAE04EC0-301F-11D3-BF4B-00C04F79EFBC}") = "ETVS.DomainModels", "ETVS.DomainModels\ETVS.DomainModels.csproj", "{B7775C13-1C51-4290-9CB3-00FA56DEBEE4}"
EndProject
Project("{FAE04EC0-301F-11D3-BF4B-00C04F79EFBC}") = "ETVS.Repositories", "ETVS.Repositories\ETVS.Repositories.csproj", "{05EB005E-5D82-4FE0-B5FF-3A8D6AFCC79A}"
EndProject
Project("{FAE04EC0-301F-11D3-BF4B-00C04F79EFBC}") = "ETVS.Framework.Entity.Core", "ETVS.Framework.Entity.Core\ETVS.Framework.Entity.Core.csproj", "{4C98D197-7B74-42C4-92E3-4A943A4AB576}"
EndProject
Project("{FAE04EC0-301F-11D3-BF4B-00C04F79EFBC}") = "ETVS.Framework.Service.Core", "ETVS.Framework.Service.Core\ETVS.Framework.Service.Core.csproj", "{9C55FF54-EB81-4216-B541-F547CA9D263C}"
EndProject
Project("{FAE04EC0-301F-11D3-BF4B-00C04F79EFBC}") = "ConsoleETVS", "ConsoleETVS\ConsoleETVS.csproj", "{18F85024-4E52-486D-9012-90480CB8212D}"
EndProject
Project("{FAE04EC0-301F-11D3-BF4B-00C04F79EFBC}") = "ETVS.DomainService", "ETVS.DomainService\ETVS.DomainService.csproj", "{0EC261FD-B483-42EC-976E-BDE63ABEEBD2}"
EndProject
Project("{FAE04EC0-301F-11D3-BF4B-00C04F79EFBC}") = "ETVS.WPF", "ETVS.WPF\ETVS.WPF.csproj", "{C3C6CA8E-CA11-45B2-B94A-5326727CDA6A}"
EndProject
Project("{2150E333-8FDC-42A3-9474-1A3956D46DE8}") = "CourierTransceiverSystem", "CourierTransceiverSystem", "{237EB0FD-1AF2-4906-B8B0-F1736BFA3D9C}"
EndProject
Project("{FAE04EC0-301F-11D3-BF4B-00C04F79EFBC}") = "CTS", "CTS\CTS.csproj", "{B52D2A0D-55F7-480D-B515-7036054BBEE2}"
EndProject
Global
	GlobalSection(SolutionConfigurationPlatforms) = preSolution
		Debug|Any CPU = Debug|Any CPU
		Debug|Mixed Platforms = Debug|Mixed Platforms
		Debug|Win32 = Debug|Win32
		Debug|x86 = Debug|x86
		Develog|Any CPU = Develog|Any CPU
		Develog|Mixed Platforms = Develog|Mixed Platforms
		Develog|Win32 = Develog|Win32
		Develog|x86 = Develog|x86
		Release|Any CPU = Release|Any CPU
		Release|Mixed Platforms = Release|Mixed Platforms
		Release|Win32 = Release|Win32
		Release|x86 = Release|x86
	EndGlobalSection
	GlobalSection(ProjectConfigurationPlatforms) = postSolution
		{09160274-DEEF-4A40-8BFD-6D5C6E798B7F}.Debug|Any CPU.ActiveCfg = Debug|Any CPU
		{09160274-DEEF-4A40-8BFD-6D5C6E798B7F}.Debug|Any CPU.Build.0 = Debug|Any CPU
		{09160274-DEEF-4A40-8BFD-6D5C6E798B7F}.Debug|Mixed Platforms.ActiveCfg = Debug|Any CPU
		{09160274-DEEF-4A40-8BFD-6D5C6E798B7F}.Debug|Mixed Platforms.Build.0 = Debug|Any CPU
		{09160274-DEEF-4A40-8BFD-6D5C6E798B7F}.Debug|Win32.ActiveCfg = Debug|Any CPU
		{09160274-DEEF-4A40-8BFD-6D5C6E798B7F}.Debug|x86.ActiveCfg = Debug|Any CPU
		{09160274-DEEF-4A40-8BFD-6D5C6E798B7F}.Develog|Any CPU.ActiveCfg = Debug|Any CPU
		{09160274-DEEF-4A40-8BFD-6D5C6E798B7F}.Develog|Any CPU.Build.0 = Debug|Any CPU
		{09160274-DEEF-4A40-8BFD-6D5C6E798B7F}.Develog|Mixed Platforms.ActiveCfg = Debug|Any CPU
		{09160274-DEEF-4A40-8BFD-6D5C6E798B7F}.Develog|Mixed Platforms.Build.0 = Debug|Any CPU
		{09160274-DEEF-4A40-8BFD-6D5C6E798B7F}.Develog|Win32.ActiveCfg = Debug|Any CPU
		{09160274-DEEF-4A40-8BFD-6D5C6E798B7F}.Develog|x86.ActiveCfg = Debug|Any CPU
		{09160274-DEEF-4A40-8BFD-6D5C6E798B7F}.Release|Any CPU.ActiveCfg = Release|Any CPU
		{09160274-DEEF-4A40-8BFD-6D5C6E798B7F}.Release|Any CPU.Build.0 = Release|Any CPU
		{09160274-DEEF-4A40-8BFD-6D5C6E798B7F}.Release|Mixed Platforms.ActiveCfg = Release|Any CPU
		{09160274-DEEF-4A40-8BFD-6D5C6E798B7F}.Release|Mixed Platforms.Build.0 = Release|Any CPU
		{09160274-DEEF-4A40-8BFD-6D5C6E798B7F}.Release|Win32.ActiveCfg = Release|Any CPU
		{09160274-DEEF-4A40-8BFD-6D5C6E798B7F}.Release|x86.ActiveCfg = Release|Any CPU
		{1B6AB0C8-B8E2-47AC-89E8-8B029EA1BCA2}.Debug|Any CPU.ActiveCfg = Debug|Any CPU
		{1B6AB0C8-B8E2-47AC-89E8-8B029EA1BCA2}.Debug|Any CPU.Build.0 = Debug|Any CPU
		{1B6AB0C8-B8E2-47AC-89E8-8B029EA1BCA2}.Debug|Mixed Platforms.ActiveCfg = Debug|Any CPU
		{1B6AB0C8-B8E2-47AC-89E8-8B029EA1BCA2}.Debug|Mixed Platforms.Build.0 = Debug|Any CPU
		{1B6AB0C8-B8E2-47AC-89E8-8B029EA1BCA2}.Debug|Win32.ActiveCfg = Debug|Any CPU
		{1B6AB0C8-B8E2-47AC-89E8-8B029EA1BCA2}.Debug|x86.ActiveCfg = Debug|Any CPU
		{1B6AB0C8-B8E2-47AC-89E8-8B029EA1BCA2}.Develog|Any CPU.ActiveCfg = Develog|Any CPU
		{1B6AB0C8-B8E2-47AC-89E8-8B029EA1BCA2}.Develog|Any CPU.Build.0 = Develog|Any CPU
		{1B6AB0C8-B8E2-47AC-89E8-8B029EA1BCA2}.Develog|Mixed Platforms.ActiveCfg = Develog|Any CPU
		{1B6AB0C8-B8E2-47AC-89E8-8B029EA1BCA2}.Develog|Mixed Platforms.Build.0 = Develog|Any CPU
		{1B6AB0C8-B8E2-47AC-89E8-8B029EA1BCA2}.Develog|Win32.ActiveCfg = Develog|Any CPU
		{1B6AB0C8-B8E2-47AC-89E8-8B029EA1BCA2}.Develog|x86.ActiveCfg = Develog|Any CPU
		{1B6AB0C8-B8E2-47AC-89E8-8B029EA1BCA2}.Release|Any CPU.ActiveCfg = Release|Any CPU
		{1B6AB0C8-B8E2-47AC-89E8-8B029EA1BCA2}.Release|Any CPU.Build.0 = Release|Any CPU
		{1B6AB0C8-B8E2-47AC-89E8-8B029EA1BCA2}.Release|Mixed Platforms.ActiveCfg = Release|Any CPU
		{1B6AB0C8-B8E2-47AC-89E8-8B029EA1BCA2}.Release|Mixed Platforms.Build.0 = Release|Any CPU
		{1B6AB0C8-B8E2-47AC-89E8-8B029EA1BCA2}.Release|Win32.ActiveCfg = Release|Any CPU
		{1B6AB0C8-B8E2-47AC-89E8-8B029EA1BCA2}.Release|x86.ActiveCfg = Release|Any CPU
		{71B295C7-0CDD-45DD-B006-2EFA8667097D}.Debug|Any CPU.ActiveCfg = Debug|Any CPU
		{71B295C7-0CDD-45DD-B006-2EFA8667097D}.Debug|Any CPU.Build.0 = Debug|Any CPU
		{71B295C7-0CDD-45DD-B006-2EFA8667097D}.Debug|Mixed Platforms.ActiveCfg = Debug|Any CPU
		{71B295C7-0CDD-45DD-B006-2EFA8667097D}.Debug|Mixed Platforms.Build.0 = Debug|Any CPU
		{71B295C7-0CDD-45DD-B006-2EFA8667097D}.Debug|Win32.ActiveCfg = Debug|Any CPU
		{71B295C7-0CDD-45DD-B006-2EFA8667097D}.Debug|x86.ActiveCfg = Debug|Any CPU
		{71B295C7-0CDD-45DD-B006-2EFA8667097D}.Develog|Any CPU.ActiveCfg = Debug|Any CPU
		{71B295C7-0CDD-45DD-B006-2EFA8667097D}.Develog|Any CPU.Build.0 = Debug|Any CPU
		{71B295C7-0CDD-45DD-B006-2EFA8667097D}.Develog|Mixed Platforms.ActiveCfg = Debug|Any CPU
		{71B295C7-0CDD-45DD-B006-2EFA8667097D}.Develog|Mixed Platforms.Build.0 = Debug|Any CPU
		{71B295C7-0CDD-45DD-B006-2EFA8667097D}.Develog|Win32.ActiveCfg = Debug|Any CPU
		{71B295C7-0CDD-45DD-B006-2EFA8667097D}.Develog|x86.ActiveCfg = Debug|Any CPU
		{71B295C7-0CDD-45DD-B006-2EFA8667097D}.Release|Any CPU.ActiveCfg = Release|Any CPU
		{71B295C7-0CDD-45DD-B006-2EFA8667097D}.Release|Any CPU.Build.0 = Release|Any CPU
		{71B295C7-0CDD-45DD-B006-2EFA8667097D}.Release|Mixed Platforms.ActiveCfg = Release|Any CPU
		{71B295C7-0CDD-45DD-B006-2EFA8667097D}.Release|Mixed Platforms.Build.0 = Release|Any CPU
		{71B295C7-0CDD-45DD-B006-2EFA8667097D}.Release|Win32.ActiveCfg = Release|Any CPU
		{71B295C7-0CDD-45DD-B006-2EFA8667097D}.Release|x86.ActiveCfg = Release|Any CPU
		{4AE3F6E3-7908-4EBD-981C-FB8361F5771B}.Debug|Any CPU.ActiveCfg = Debug|Any CPU
		{4AE3F6E3-7908-4EBD-981C-FB8361F5771B}.Debug|Any CPU.Build.0 = Debug|Any CPU
		{4AE3F6E3-7908-4EBD-981C-FB8361F5771B}.Debug|Mixed Platforms.ActiveCfg = Debug|Any CPU
		{4AE3F6E3-7908-4EBD-981C-FB8361F5771B}.Debug|Mixed Platforms.Build.0 = Debug|Any CPU
		{4AE3F6E3-7908-4EBD-981C-FB8361F5771B}.Debug|Win32.ActiveCfg = Debug|Any CPU
		{4AE3F6E3-7908-4EBD-981C-FB8361F5771B}.Debug|x86.ActiveCfg = Debug|Any CPU
		{4AE3F6E3-7908-4EBD-981C-FB8361F5771B}.Develog|Any CPU.ActiveCfg = Debug|Any CPU
		{4AE3F6E3-7908-4EBD-981C-FB8361F5771B}.Develog|Any CPU.Build.0 = Debug|Any CPU
		{4AE3F6E3-7908-4EBD-981C-FB8361F5771B}.Develog|Mixed Platforms.ActiveCfg = Debug|Any CPU
		{4AE3F6E3-7908-4EBD-981C-FB8361F5771B}.Develog|Mixed Platforms.Build.0 = Debug|Any CPU
		{4AE3F6E3-7908-4EBD-981C-FB8361F5771B}.Develog|Win32.ActiveCfg = Debug|Any CPU
		{4AE3F6E3-7908-4EBD-981C-FB8361F5771B}.Develog|x86.ActiveCfg = Debug|Any CPU
		{4AE3F6E3-7908-4EBD-981C-FB8361F5771B}.Release|Any CPU.ActiveCfg = Release|Any CPU
		{4AE3F6E3-7908-4EBD-981C-FB8361F5771B}.Release|Any CPU.Build.0 = Release|Any CPU
		{4AE3F6E3-7908-4EBD-981C-FB8361F5771B}.Release|Mixed Platforms.ActiveCfg = Release|Any CPU
		{4AE3F6E3-7908-4EBD-981C-FB8361F5771B}.Release|Mixed Platforms.Build.0 = Release|Any CPU
		{4AE3F6E3-7908-4EBD-981C-FB8361F5771B}.Release|Win32.ActiveCfg = Release|Any CPU
		{4AE3F6E3-7908-4EBD-981C-FB8361F5771B}.Release|x86.ActiveCfg = Release|Any CPU
		{9E1DE99C-F6AA-443F-8B90-3485FECFF850}.Debug|Any CPU.ActiveCfg = Debug|Any CPU
		{9E1DE99C-F6AA-443F-8B90-3485FECFF850}.Debug|Any CPU.Build.0 = Debug|Any CPU
		{9E1DE99C-F6AA-443F-8B90-3485FECFF850}.Debug|Mixed Platforms.ActiveCfg = Debug|Any CPU
		{9E1DE99C-F6AA-443F-8B90-3485FECFF850}.Debug|Mixed Platforms.Build.0 = Debug|Any CPU
		{9E1DE99C-F6AA-443F-8B90-3485FECFF850}.Debug|Win32.ActiveCfg = Debug|Any CPU
		{9E1DE99C-F6AA-443F-8B90-3485FECFF850}.Debug|x86.ActiveCfg = Debug|Any CPU
		{9E1DE99C-F6AA-443F-8B90-3485FECFF850}.Develog|Any CPU.ActiveCfg = Debug|Any CPU
		{9E1DE99C-F6AA-443F-8B90-3485FECFF850}.Develog|Any CPU.Build.0 = Debug|Any CPU
		{9E1DE99C-F6AA-443F-8B90-3485FECFF850}.Develog|Mixed Platforms.ActiveCfg = Debug|Any CPU
		{9E1DE99C-F6AA-443F-8B90-3485FECFF850}.Develog|Mixed Platforms.Build.0 = Debug|Any CPU
		{9E1DE99C-F6AA-443F-8B90-3485FECFF850}.Develog|Win32.ActiveCfg = Debug|Any CPU
		{9E1DE99C-F6AA-443F-8B90-3485FECFF850}.Develog|x86.ActiveCfg = Debug|Any CPU
		{9E1DE99C-F6AA-443F-8B90-3485FECFF850}.Release|Any CPU.ActiveCfg = Debug|Any CPU
		{9E1DE99C-F6AA-443F-8B90-3485FECFF850}.Release|Any CPU.Build.0 = Debug|Any CPU
		{9E1DE99C-F6AA-443F-8B90-3485FECFF850}.Release|Mixed Platforms.ActiveCfg = Debug|Any CPU
		{9E1DE99C-F6AA-443F-8B90-3485FECFF850}.Release|Mixed Platforms.Build.0 = Debug|Any CPU
		{9E1DE99C-F6AA-443F-8B90-3485FECFF850}.Release|Win32.ActiveCfg = Debug|Any CPU
		{9E1DE99C-F6AA-443F-8B90-3485FECFF850}.Release|x86.ActiveCfg = Debug|Any CPU
		{7D949744-4557-45C9-86C4-44401F5B49D1}.Debug|Any CPU.ActiveCfg = Debug|Any CPU
		{7D949744-4557-45C9-86C4-44401F5B49D1}.Debug|Any CPU.Build.0 = Debug|Any CPU
		{7D949744-4557-45C9-86C4-44401F5B49D1}.Debug|Mixed Platforms.ActiveCfg = Debug|Any CPU
		{7D949744-4557-45C9-86C4-44401F5B49D1}.Debug|Mixed Platforms.Build.0 = Debug|Any CPU
		{7D949744-4557-45C9-86C4-44401F5B49D1}.Debug|Win32.ActiveCfg = Debug|Any CPU
		{7D949744-4557-45C9-86C4-44401F5B49D1}.Debug|x86.ActiveCfg = Debug|Any CPU
		{7D949744-4557-45C9-86C4-44401F5B49D1}.Develog|Any CPU.ActiveCfg = Debug|Any CPU
		{7D949744-4557-45C9-86C4-44401F5B49D1}.Develog|Any CPU.Build.0 = Debug|Any CPU
		{7D949744-4557-45C9-86C4-44401F5B49D1}.Develog|Mixed Platforms.ActiveCfg = Debug|Any CPU
		{7D949744-4557-45C9-86C4-44401F5B49D1}.Develog|Mixed Platforms.Build.0 = Debug|Any CPU
		{7D949744-4557-45C9-86C4-44401F5B49D1}.Develog|Win32.ActiveCfg = Debug|Any CPU
		{7D949744-4557-45C9-86C4-44401F5B49D1}.Develog|x86.ActiveCfg = Debug|Any CPU
		{7D949744-4557-45C9-86C4-44401F5B49D1}.Release|Any CPU.ActiveCfg = Release|Any CPU
		{7D949744-4557-45C9-86C4-44401F5B49D1}.Release|Any CPU.Build.0 = Release|Any CPU
		{7D949744-4557-45C9-86C4-44401F5B49D1}.Release|Mixed Platforms.ActiveCfg = Release|Any CPU
		{7D949744-4557-45C9-86C4-44401F5B49D1}.Release|Mixed Platforms.Build.0 = Release|Any CPU
		{7D949744-4557-45C9-86C4-44401F5B49D1}.Release|Win32.ActiveCfg = Release|Any CPU
		{7D949744-4557-45C9-86C4-44401F5B49D1}.Release|x86.ActiveCfg = Release|Any CPU
		{468C91CB-0518-4E17-9445-5E93ABC0BF36}.Debug|Any CPU.ActiveCfg = Debug|Any CPU
		{468C91CB-0518-4E17-9445-5E93ABC0BF36}.Debug|Any CPU.Build.0 = Debug|Any CPU
		{468C91CB-0518-4E17-9445-5E93ABC0BF36}.Debug|Mixed Platforms.ActiveCfg = Debug|Any CPU
		{468C91CB-0518-4E17-9445-5E93ABC0BF36}.Debug|Mixed Platforms.Build.0 = Debug|Any CPU
		{468C91CB-0518-4E17-9445-5E93ABC0BF36}.Debug|Win32.ActiveCfg = Debug|Any CPU
		{468C91CB-0518-4E17-9445-5E93ABC0BF36}.Debug|x86.ActiveCfg = Debug|Any CPU
		{468C91CB-0518-4E17-9445-5E93ABC0BF36}.Develog|Any CPU.ActiveCfg = Debug|Any CPU
		{468C91CB-0518-4E17-9445-5E93ABC0BF36}.Develog|Any CPU.Build.0 = Debug|Any CPU
		{468C91CB-0518-4E17-9445-5E93ABC0BF36}.Develog|Mixed Platforms.ActiveCfg = Debug|Any CPU
		{468C91CB-0518-4E17-9445-5E93ABC0BF36}.Develog|Mixed Platforms.Build.0 = Debug|Any CPU
		{468C91CB-0518-4E17-9445-5E93ABC0BF36}.Develog|Win32.ActiveCfg = Debug|Any CPU
		{468C91CB-0518-4E17-9445-5E93ABC0BF36}.Develog|x86.ActiveCfg = Debug|Any CPU
		{468C91CB-0518-4E17-9445-5E93ABC0BF36}.Release|Any CPU.ActiveCfg = Release|Any CPU
		{468C91CB-0518-4E17-9445-5E93ABC0BF36}.Release|Any CPU.Build.0 = Release|Any CPU
		{468C91CB-0518-4E17-9445-5E93ABC0BF36}.Release|Mixed Platforms.ActiveCfg = Release|Any CPU
		{468C91CB-0518-4E17-9445-5E93ABC0BF36}.Release|Mixed Platforms.Build.0 = Release|Any CPU
		{468C91CB-0518-4E17-9445-5E93ABC0BF36}.Release|Win32.ActiveCfg = Release|Any CPU
		{468C91CB-0518-4E17-9445-5E93ABC0BF36}.Release|x86.ActiveCfg = Release|Any CPU
		{84CEC71A-F110-4A54-A021-F6A324EC1B9F}.Debug|Any CPU.ActiveCfg = Debug|Any CPU
		{84CEC71A-F110-4A54-A021-F6A324EC1B9F}.Debug|Any CPU.Build.0 = Debug|Any CPU
		{84CEC71A-F110-4A54-A021-F6A324EC1B9F}.Debug|Mixed Platforms.ActiveCfg = Debug|Any CPU
		{84CEC71A-F110-4A54-A021-F6A324EC1B9F}.Debug|Mixed Platforms.Build.0 = Debug|Any CPU
		{84CEC71A-F110-4A54-A021-F6A324EC1B9F}.Debug|Win32.ActiveCfg = Debug|Any CPU
		{84CEC71A-F110-4A54-A021-F6A324EC1B9F}.Debug|x86.ActiveCfg = Debug|Any CPU
		{84CEC71A-F110-4A54-A021-F6A324EC1B9F}.Develog|Any CPU.ActiveCfg = Debug|Any CPU
		{84CEC71A-F110-4A54-A021-F6A324EC1B9F}.Develog|Any CPU.Build.0 = Debug|Any CPU
		{84CEC71A-F110-4A54-A021-F6A324EC1B9F}.Develog|Mixed Platforms.ActiveCfg = Debug|Any CPU
		{84CEC71A-F110-4A54-A021-F6A324EC1B9F}.Develog|Mixed Platforms.Build.0 = Debug|Any CPU
		{84CEC71A-F110-4A54-A021-F6A324EC1B9F}.Develog|Win32.ActiveCfg = Debug|Any CPU
		{84CEC71A-F110-4A54-A021-F6A324EC1B9F}.Develog|x86.ActiveCfg = Debug|Any CPU
		{84CEC71A-F110-4A54-A021-F6A324EC1B9F}.Release|Any CPU.ActiveCfg = Release|Any CPU
		{84CEC71A-F110-4A54-A021-F6A324EC1B9F}.Release|Any CPU.Build.0 = Release|Any CPU
		{84CEC71A-F110-4A54-A021-F6A324EC1B9F}.Release|Mixed Platforms.ActiveCfg = Release|Any CPU
		{84CEC71A-F110-4A54-A021-F6A324EC1B9F}.Release|Mixed Platforms.Build.0 = Release|Any CPU
		{84CEC71A-F110-4A54-A021-F6A324EC1B9F}.Release|Win32.ActiveCfg = Release|Any CPU
		{84CEC71A-F110-4A54-A021-F6A324EC1B9F}.Release|x86.ActiveCfg = Release|Any CPU
		{4B7C063F-72E1-46B0-B5B0-BDB53B51B434}.Debug|Any CPU.ActiveCfg = Debug|Any CPU
		{4B7C063F-72E1-46B0-B5B0-BDB53B51B434}.Debug|Any CPU.Build.0 = Debug|Any CPU
		{4B7C063F-72E1-46B0-B5B0-BDB53B51B434}.Debug|Mixed Platforms.ActiveCfg = Debug|Any CPU
		{4B7C063F-72E1-46B0-B5B0-BDB53B51B434}.Debug|Mixed Platforms.Build.0 = Debug|Any CPU
		{4B7C063F-72E1-46B0-B5B0-BDB53B51B434}.Debug|Win32.ActiveCfg = Debug|Any CPU
		{4B7C063F-72E1-46B0-B5B0-BDB53B51B434}.Debug|x86.ActiveCfg = Debug|Any CPU
		{4B7C063F-72E1-46B0-B5B0-BDB53B51B434}.Develog|Any CPU.ActiveCfg = Debug|Any CPU
		{4B7C063F-72E1-46B0-B5B0-BDB53B51B434}.Develog|Any CPU.Build.0 = Debug|Any CPU
		{4B7C063F-72E1-46B0-B5B0-BDB53B51B434}.Develog|Mixed Platforms.ActiveCfg = Debug|Any CPU
		{4B7C063F-72E1-46B0-B5B0-BDB53B51B434}.Develog|Mixed Platforms.Build.0 = Debug|Any CPU
		{4B7C063F-72E1-46B0-B5B0-BDB53B51B434}.Develog|Win32.ActiveCfg = Debug|Any CPU
		{4B7C063F-72E1-46B0-B5B0-BDB53B51B434}.Develog|x86.ActiveCfg = Debug|Any CPU
		{4B7C063F-72E1-46B0-B5B0-BDB53B51B434}.Release|Any CPU.ActiveCfg = Release|Any CPU
		{4B7C063F-72E1-46B0-B5B0-BDB53B51B434}.Release|Any CPU.Build.0 = Release|Any CPU
		{4B7C063F-72E1-46B0-B5B0-BDB53B51B434}.Release|Mixed Platforms.ActiveCfg = Release|Any CPU
		{4B7C063F-72E1-46B0-B5B0-BDB53B51B434}.Release|Mixed Platforms.Build.0 = Release|Any CPU
		{4B7C063F-72E1-46B0-B5B0-BDB53B51B434}.Release|Win32.ActiveCfg = Release|Any CPU
		{4B7C063F-72E1-46B0-B5B0-BDB53B51B434}.Release|x86.ActiveCfg = Release|Any CPU
		{EBDBBF2B-697D-49C0-850F-5C9DD5DE49F9}.Debug|Any CPU.ActiveCfg = Debug|Any CPU
		{EBDBBF2B-697D-49C0-850F-5C9DD5DE49F9}.Debug|Any CPU.Build.0 = Debug|Any CPU
		{EBDBBF2B-697D-49C0-850F-5C9DD5DE49F9}.Debug|Mixed Platforms.ActiveCfg = Debug|Any CPU
		{EBDBBF2B-697D-49C0-850F-5C9DD5DE49F9}.Debug|Mixed Platforms.Build.0 = Debug|Any CPU
		{EBDBBF2B-697D-49C0-850F-5C9DD5DE49F9}.Debug|Win32.ActiveCfg = Debug|Any CPU
		{EBDBBF2B-697D-49C0-850F-5C9DD5DE49F9}.Debug|x86.ActiveCfg = Debug|Any CPU
		{EBDBBF2B-697D-49C0-850F-5C9DD5DE49F9}.Develog|Any CPU.ActiveCfg = Debug|Any CPU
		{EBDBBF2B-697D-49C0-850F-5C9DD5DE49F9}.Develog|Any CPU.Build.0 = Debug|Any CPU
		{EBDBBF2B-697D-49C0-850F-5C9DD5DE49F9}.Develog|Mixed Platforms.ActiveCfg = Debug|Any CPU
		{EBDBBF2B-697D-49C0-850F-5C9DD5DE49F9}.Develog|Mixed Platforms.Build.0 = Debug|Any CPU
		{EBDBBF2B-697D-49C0-850F-5C9DD5DE49F9}.Develog|Win32.ActiveCfg = Debug|Any CPU
		{EBDBBF2B-697D-49C0-850F-5C9DD5DE49F9}.Develog|x86.ActiveCfg = Debug|Any CPU
		{EBDBBF2B-697D-49C0-850F-5C9DD5DE49F9}.Release|Any CPU.ActiveCfg = Release|Any CPU
		{EBDBBF2B-697D-49C0-850F-5C9DD5DE49F9}.Release|Any CPU.Build.0 = Release|Any CPU
		{EBDBBF2B-697D-49C0-850F-5C9DD5DE49F9}.Release|Mixed Platforms.ActiveCfg = Release|Any CPU
		{EBDBBF2B-697D-49C0-850F-5C9DD5DE49F9}.Release|Mixed Platforms.Build.0 = Release|Any CPU
		{EBDBBF2B-697D-49C0-850F-5C9DD5DE49F9}.Release|Win32.ActiveCfg = Release|Any CPU
		{EBDBBF2B-697D-49C0-850F-5C9DD5DE49F9}.Release|x86.ActiveCfg = Release|Any CPU
		{785D7DA2-4C66-4EF7-AC77-37F246F03900}.Debug|Any CPU.ActiveCfg = Debug|Any CPU
		{785D7DA2-4C66-4EF7-AC77-37F246F03900}.Debug|Any CPU.Build.0 = Debug|Any CPU
		{785D7DA2-4C66-4EF7-AC77-37F246F03900}.Debug|Mixed Platforms.ActiveCfg = Debug|Any CPU
		{785D7DA2-4C66-4EF7-AC77-37F246F03900}.Debug|Mixed Platforms.Build.0 = Debug|Any CPU
		{785D7DA2-4C66-4EF7-AC77-37F246F03900}.Debug|Win32.ActiveCfg = Debug|Any CPU
		{785D7DA2-4C66-4EF7-AC77-37F246F03900}.Debug|x86.ActiveCfg = Debug|Any CPU
		{785D7DA2-4C66-4EF7-AC77-37F246F03900}.Develog|Any CPU.ActiveCfg = Debug|Any CPU
		{785D7DA2-4C66-4EF7-AC77-37F246F03900}.Develog|Any CPU.Build.0 = Debug|Any CPU
		{785D7DA2-4C66-4EF7-AC77-37F246F03900}.Develog|Mixed Platforms.ActiveCfg = Debug|Any CPU
		{785D7DA2-4C66-4EF7-AC77-37F246F03900}.Develog|Mixed Platforms.Build.0 = Debug|Any CPU
		{785D7DA2-4C66-4EF7-AC77-37F246F03900}.Develog|Win32.ActiveCfg = Debug|Any CPU
		{785D7DA2-4C66-4EF7-AC77-37F246F03900}.Develog|x86.ActiveCfg = Debug|Any CPU
		{785D7DA2-4C66-4EF7-AC77-37F246F03900}.Release|Any CPU.ActiveCfg = Release|Any CPU
		{785D7DA2-4C66-4EF7-AC77-37F246F03900}.Release|Any CPU.Build.0 = Release|Any CPU
		{785D7DA2-4C66-4EF7-AC77-37F246F03900}.Release|Mixed Platforms.ActiveCfg = Release|Any CPU
		{785D7DA2-4C66-4EF7-AC77-37F246F03900}.Release|Mixed Platforms.Build.0 = Release|Any CPU
		{785D7DA2-4C66-4EF7-AC77-37F246F03900}.Release|Win32.ActiveCfg = Release|Any CPU
		{785D7DA2-4C66-4EF7-AC77-37F246F03900}.Release|x86.ActiveCfg = Release|Any CPU
		{1344C3D8-E137-48BC-8A87-42A8BFDF6651}.Debug|Any CPU.ActiveCfg = Debug|Any CPU
		{1344C3D8-E137-48BC-8A87-42A8BFDF6651}.Debug|Any CPU.Build.0 = Debug|Any CPU
		{1344C3D8-E137-48BC-8A87-42A8BFDF6651}.Debug|Mixed Platforms.ActiveCfg = Debug|Any CPU
		{1344C3D8-E137-48BC-8A87-42A8BFDF6651}.Debug|Mixed Platforms.Build.0 = Debug|Any CPU
		{1344C3D8-E137-48BC-8A87-42A8BFDF6651}.Debug|Win32.ActiveCfg = Debug|Any CPU
		{1344C3D8-E137-48BC-8A87-42A8BFDF6651}.Debug|x86.ActiveCfg = Debug|Any CPU
		{1344C3D8-E137-48BC-8A87-42A8BFDF6651}.Develog|Any CPU.ActiveCfg = Debug|Any CPU
		{1344C3D8-E137-48BC-8A87-42A8BFDF6651}.Develog|Any CPU.Build.0 = Debug|Any CPU
		{1344C3D8-E137-48BC-8A87-42A8BFDF6651}.Develog|Mixed Platforms.ActiveCfg = Debug|Any CPU
		{1344C3D8-E137-48BC-8A87-42A8BFDF6651}.Develog|Mixed Platforms.Build.0 = Debug|Any CPU
		{1344C3D8-E137-48BC-8A87-42A8BFDF6651}.Develog|Win32.ActiveCfg = Debug|Any CPU
		{1344C3D8-E137-48BC-8A87-42A8BFDF6651}.Develog|x86.ActiveCfg = Debug|Any CPU
		{1344C3D8-E137-48BC-8A87-42A8BFDF6651}.Release|Any CPU.ActiveCfg = Release|Any CPU
		{1344C3D8-E137-48BC-8A87-42A8BFDF6651}.Release|Any CPU.Build.0 = Release|Any CPU
		{1344C3D8-E137-48BC-8A87-42A8BFDF6651}.Release|Mixed Platforms.ActiveCfg = Release|Any CPU
		{1344C3D8-E137-48BC-8A87-42A8BFDF6651}.Release|Mixed Platforms.Build.0 = Release|Any CPU
		{1344C3D8-E137-48BC-8A87-42A8BFDF6651}.Release|Win32.ActiveCfg = Release|Any CPU
		{1344C3D8-E137-48BC-8A87-42A8BFDF6651}.Release|x86.ActiveCfg = Release|Any CPU
		{4C1CC9BA-626F-48E9-8795-D2AEA77FB1EF}.Debug|Any CPU.ActiveCfg = Debug|Any CPU
		{4C1CC9BA-626F-48E9-8795-D2AEA77FB1EF}.Debug|Any CPU.Build.0 = Debug|Any CPU
		{4C1CC9BA-626F-48E9-8795-D2AEA77FB1EF}.Debug|Mixed Platforms.ActiveCfg = Debug|Any CPU
		{4C1CC9BA-626F-48E9-8795-D2AEA77FB1EF}.Debug|Mixed Platforms.Build.0 = Debug|Any CPU
		{4C1CC9BA-626F-48E9-8795-D2AEA77FB1EF}.Debug|Win32.ActiveCfg = Debug|Any CPU
		{4C1CC9BA-626F-48E9-8795-D2AEA77FB1EF}.Debug|x86.ActiveCfg = Debug|Any CPU
		{4C1CC9BA-626F-48E9-8795-D2AEA77FB1EF}.Develog|Any CPU.ActiveCfg = Debug|Any CPU
		{4C1CC9BA-626F-48E9-8795-D2AEA77FB1EF}.Develog|Any CPU.Build.0 = Debug|Any CPU
		{4C1CC9BA-626F-48E9-8795-D2AEA77FB1EF}.Develog|Mixed Platforms.ActiveCfg = Debug|Any CPU
		{4C1CC9BA-626F-48E9-8795-D2AEA77FB1EF}.Develog|Mixed Platforms.Build.0 = Debug|Any CPU
		{4C1CC9BA-626F-48E9-8795-D2AEA77FB1EF}.Develog|Win32.ActiveCfg = Debug|Any CPU
		{4C1CC9BA-626F-48E9-8795-D2AEA77FB1EF}.Develog|x86.ActiveCfg = Debug|Any CPU
		{4C1CC9BA-626F-48E9-8795-D2AEA77FB1EF}.Release|Any CPU.ActiveCfg = Release|Any CPU
		{4C1CC9BA-626F-48E9-8795-D2AEA77FB1EF}.Release|Any CPU.Build.0 = Release|Any CPU
		{4C1CC9BA-626F-48E9-8795-D2AEA77FB1EF}.Release|Mixed Platforms.ActiveCfg = Release|Any CPU
		{4C1CC9BA-626F-48E9-8795-D2AEA77FB1EF}.Release|Mixed Platforms.Build.0 = Release|Any CPU
		{4C1CC9BA-626F-48E9-8795-D2AEA77FB1EF}.Release|Win32.ActiveCfg = Release|Any CPU
		{4C1CC9BA-626F-48E9-8795-D2AEA77FB1EF}.Release|x86.ActiveCfg = Release|Any CPU
		{1BAACAF3-B3B8-40C4-8B94-42127A97D978}.Debug|Any CPU.ActiveCfg = Debug|Any CPU
		{1BAACAF3-B3B8-40C4-8B94-42127A97D978}.Debug|Any CPU.Build.0 = Debug|Any CPU
		{1BAACAF3-B3B8-40C4-8B94-42127A97D978}.Debug|Mixed Platforms.ActiveCfg = Debug|Any CPU
		{1BAACAF3-B3B8-40C4-8B94-42127A97D978}.Debug|Mixed Platforms.Build.0 = Debug|Any CPU
		{1BAACAF3-B3B8-40C4-8B94-42127A97D978}.Debug|Win32.ActiveCfg = Debug|Any CPU
		{1BAACAF3-B3B8-40C4-8B94-42127A97D978}.Debug|x86.ActiveCfg = Debug|Any CPU
		{1BAACAF3-B3B8-40C4-8B94-42127A97D978}.Develog|Any CPU.ActiveCfg = Debug|Any CPU
		{1BAACAF3-B3B8-40C4-8B94-42127A97D978}.Develog|Any CPU.Build.0 = Debug|Any CPU
		{1BAACAF3-B3B8-40C4-8B94-42127A97D978}.Develog|Mixed Platforms.ActiveCfg = Debug|Any CPU
		{1BAACAF3-B3B8-40C4-8B94-42127A97D978}.Develog|Mixed Platforms.Build.0 = Debug|Any CPU
		{1BAACAF3-B3B8-40C4-8B94-42127A97D978}.Develog|Win32.ActiveCfg = Debug|Any CPU
		{1BAACAF3-B3B8-40C4-8B94-42127A97D978}.Develog|x86.ActiveCfg = Debug|Any CPU
		{1BAACAF3-B3B8-40C4-8B94-42127A97D978}.Release|Any CPU.ActiveCfg = Release|Any CPU
		{1BAACAF3-B3B8-40C4-8B94-42127A97D978}.Release|Any CPU.Build.0 = Release|Any CPU
		{1BAACAF3-B3B8-40C4-8B94-42127A97D978}.Release|Mixed Platforms.ActiveCfg = Release|Any CPU
		{1BAACAF3-B3B8-40C4-8B94-42127A97D978}.Release|Mixed Platforms.Build.0 = Release|Any CPU
		{1BAACAF3-B3B8-40C4-8B94-42127A97D978}.Release|Win32.ActiveCfg = Release|Any CPU
		{1BAACAF3-B3B8-40C4-8B94-42127A97D978}.Release|x86.ActiveCfg = Release|Any CPU
		{C3D7B7BC-1AFB-446B-B8AA-624435CE6781}.Debug|Any CPU.ActiveCfg = Debug|x86
		{C3D7B7BC-1AFB-446B-B8AA-624435CE6781}.Debug|Mixed Platforms.ActiveCfg = Debug|x86
		{C3D7B7BC-1AFB-446B-B8AA-624435CE6781}.Debug|Mixed Platforms.Build.0 = Debug|x86
		{C3D7B7BC-1AFB-446B-B8AA-624435CE6781}.Debug|Win32.ActiveCfg = Debug|x86
		{C3D7B7BC-1AFB-446B-B8AA-624435CE6781}.Debug|Win32.Build.0 = Debug|x86
		{C3D7B7BC-1AFB-446B-B8AA-624435CE6781}.Debug|x86.ActiveCfg = Debug|x86
		{C3D7B7BC-1AFB-446B-B8AA-624435CE6781}.Debug|x86.Build.0 = Debug|x86
		{C3D7B7BC-1AFB-446B-B8AA-624435CE6781}.Develog|Any CPU.ActiveCfg = Debug|x86
		{C3D7B7BC-1AFB-446B-B8AA-624435CE6781}.Develog|Mixed Platforms.ActiveCfg = Debug|x86
		{C3D7B7BC-1AFB-446B-B8AA-624435CE6781}.Develog|Mixed Platforms.Build.0 = Debug|x86
		{C3D7B7BC-1AFB-446B-B8AA-624435CE6781}.Develog|Win32.ActiveCfg = Debug|x86
		{C3D7B7BC-1AFB-446B-B8AA-624435CE6781}.Develog|Win32.Build.0 = Debug|x86
		{C3D7B7BC-1AFB-446B-B8AA-624435CE6781}.Develog|x86.ActiveCfg = Debug|x86
		{C3D7B7BC-1AFB-446B-B8AA-624435CE6781}.Develog|x86.Build.0 = Debug|x86
		{C3D7B7BC-1AFB-446B-B8AA-624435CE6781}.Release|Any CPU.ActiveCfg = Release|x86
		{C3D7B7BC-1AFB-446B-B8AA-624435CE6781}.Release|Mixed Platforms.ActiveCfg = Release|x86
		{C3D7B7BC-1AFB-446B-B8AA-624435CE6781}.Release|Mixed Platforms.Build.0 = Release|x86
		{C3D7B7BC-1AFB-446B-B8AA-624435CE6781}.Release|Win32.ActiveCfg = Release|x86
		{C3D7B7BC-1AFB-446B-B8AA-624435CE6781}.Release|Win32.Build.0 = Release|x86
		{C3D7B7BC-1AFB-446B-B8AA-624435CE6781}.Release|x86.ActiveCfg = Release|x86
		{C3D7B7BC-1AFB-446B-B8AA-624435CE6781}.Release|x86.Build.0 = Release|x86
		{F6ABAF1B-D5E8-4C28-BDF2-40226C28552B}.Debug|Any CPU.ActiveCfg = Debug|x86
		{F6ABAF1B-D5E8-4C28-BDF2-40226C28552B}.Debug|Mixed Platforms.ActiveCfg = Debug|x86
		{F6ABAF1B-D5E8-4C28-BDF2-40226C28552B}.Debug|Mixed Platforms.Build.0 = Debug|x86
		{F6ABAF1B-D5E8-4C28-BDF2-40226C28552B}.Debug|Win32.ActiveCfg = Debug|x86
		{F6ABAF1B-D5E8-4C28-BDF2-40226C28552B}.Debug|Win32.Build.0 = Debug|x86
		{F6ABAF1B-D5E8-4C28-BDF2-40226C28552B}.Debug|x86.ActiveCfg = Debug|x86
		{F6ABAF1B-D5E8-4C28-BDF2-40226C28552B}.Debug|x86.Build.0 = Debug|x86
		{F6ABAF1B-D5E8-4C28-BDF2-40226C28552B}.Develog|Any CPU.ActiveCfg = Debug|x86
		{F6ABAF1B-D5E8-4C28-BDF2-40226C28552B}.Develog|Mixed Platforms.ActiveCfg = Debug|x86
		{F6ABAF1B-D5E8-4C28-BDF2-40226C28552B}.Develog|Mixed Platforms.Build.0 = Debug|x86
		{F6ABAF1B-D5E8-4C28-BDF2-40226C28552B}.Develog|Win32.ActiveCfg = Debug|x86
		{F6ABAF1B-D5E8-4C28-BDF2-40226C28552B}.Develog|Win32.Build.0 = Debug|x86
		{F6ABAF1B-D5E8-4C28-BDF2-40226C28552B}.Develog|x86.ActiveCfg = Debug|x86
		{F6ABAF1B-D5E8-4C28-BDF2-40226C28552B}.Develog|x86.Build.0 = Debug|x86
		{F6ABAF1B-D5E8-4C28-BDF2-40226C28552B}.Release|Any CPU.ActiveCfg = Release|x86
		{F6ABAF1B-D5E8-4C28-BDF2-40226C28552B}.Release|Mixed Platforms.ActiveCfg = Release|x86
		{F6ABAF1B-D5E8-4C28-BDF2-40226C28552B}.Release|Mixed Platforms.Build.0 = Release|x86
		{F6ABAF1B-D5E8-4C28-BDF2-40226C28552B}.Release|Win32.ActiveCfg = Release|x86
		{F6ABAF1B-D5E8-4C28-BDF2-40226C28552B}.Release|Win32.Build.0 = Release|x86
		{F6ABAF1B-D5E8-4C28-BDF2-40226C28552B}.Release|x86.ActiveCfg = Release|x86
		{F6ABAF1B-D5E8-4C28-BDF2-40226C28552B}.Release|x86.Build.0 = Release|x86
		{ADE1F1CE-9DFA-445C-8E11-71CF382F1DA1}.Debug|Any CPU.ActiveCfg = Debug|Any CPU
		{ADE1F1CE-9DFA-445C-8E11-71CF382F1DA1}.Debug|Any CPU.Build.0 = Debug|Any CPU
		{ADE1F1CE-9DFA-445C-8E11-71CF382F1DA1}.Debug|Mixed Platforms.ActiveCfg = Debug|Any CPU
		{ADE1F1CE-9DFA-445C-8E11-71CF382F1DA1}.Debug|Mixed Platforms.Build.0 = Debug|Any CPU
		{ADE1F1CE-9DFA-445C-8E11-71CF382F1DA1}.Debug|Win32.ActiveCfg = Debug|Any CPU
		{ADE1F1CE-9DFA-445C-8E11-71CF382F1DA1}.Debug|x86.ActiveCfg = Debug|Any CPU
		{ADE1F1CE-9DFA-445C-8E11-71CF382F1DA1}.Develog|Any CPU.ActiveCfg = Debug|Any CPU
		{ADE1F1CE-9DFA-445C-8E11-71CF382F1DA1}.Develog|Any CPU.Build.0 = Debug|Any CPU
		{ADE1F1CE-9DFA-445C-8E11-71CF382F1DA1}.Develog|Mixed Platforms.ActiveCfg = Debug|Any CPU
		{ADE1F1CE-9DFA-445C-8E11-71CF382F1DA1}.Develog|Mixed Platforms.Build.0 = Debug|Any CPU
		{ADE1F1CE-9DFA-445C-8E11-71CF382F1DA1}.Develog|Win32.ActiveCfg = Debug|Any CPU
		{ADE1F1CE-9DFA-445C-8E11-71CF382F1DA1}.Develog|x86.ActiveCfg = Debug|Any CPU
		{ADE1F1CE-9DFA-445C-8E11-71CF382F1DA1}.Release|Any CPU.ActiveCfg = Release|Any CPU
		{ADE1F1CE-9DFA-445C-8E11-71CF382F1DA1}.Release|Any CPU.Build.0 = Release|Any CPU
		{ADE1F1CE-9DFA-445C-8E11-71CF382F1DA1}.Release|Mixed Platforms.ActiveCfg = Release|Any CPU
		{ADE1F1CE-9DFA-445C-8E11-71CF382F1DA1}.Release|Mixed Platforms.Build.0 = Release|Any CPU
		{ADE1F1CE-9DFA-445C-8E11-71CF382F1DA1}.Release|Win32.ActiveCfg = Release|Any CPU
		{ADE1F1CE-9DFA-445C-8E11-71CF382F1DA1}.Release|x86.ActiveCfg = Release|Any CPU
		{11B86498-B22A-4C64-A626-C991127272FD}.Debug|Any CPU.ActiveCfg = Debug|Any CPU
		{11B86498-B22A-4C64-A626-C991127272FD}.Debug|Any CPU.Build.0 = Debug|Any CPU
		{11B86498-B22A-4C64-A626-C991127272FD}.Debug|Mixed Platforms.ActiveCfg = Debug|Any CPU
		{11B86498-B22A-4C64-A626-C991127272FD}.Debug|Mixed Platforms.Build.0 = Debug|Any CPU
		{11B86498-B22A-4C64-A626-C991127272FD}.Debug|Win32.ActiveCfg = Debug|Any CPU
		{11B86498-B22A-4C64-A626-C991127272FD}.Debug|x86.ActiveCfg = Debug|Any CPU
		{11B86498-B22A-4C64-A626-C991127272FD}.Develog|Any CPU.ActiveCfg = Debug|Any CPU
		{11B86498-B22A-4C64-A626-C991127272FD}.Develog|Any CPU.Build.0 = Debug|Any CPU
		{11B86498-B22A-4C64-A626-C991127272FD}.Develog|Mixed Platforms.ActiveCfg = Debug|Any CPU
		{11B86498-B22A-4C64-A626-C991127272FD}.Develog|Mixed Platforms.Build.0 = Debug|Any CPU
		{11B86498-B22A-4C64-A626-C991127272FD}.Develog|Win32.ActiveCfg = Debug|Any CPU
		{11B86498-B22A-4C64-A626-C991127272FD}.Develog|x86.ActiveCfg = Debug|Any CPU
		{11B86498-B22A-4C64-A626-C991127272FD}.Release|Any CPU.ActiveCfg = Release|Any CPU
		{11B86498-B22A-4C64-A626-C991127272FD}.Release|Any CPU.Build.0 = Release|Any CPU
		{11B86498-B22A-4C64-A626-C991127272FD}.Release|Mixed Platforms.ActiveCfg = Release|Any CPU
		{11B86498-B22A-4C64-A626-C991127272FD}.Release|Mixed Platforms.Build.0 = Release|Any CPU
		{11B86498-B22A-4C64-A626-C991127272FD}.Release|Win32.ActiveCfg = Release|Any CPU
		{11B86498-B22A-4C64-A626-C991127272FD}.Release|x86.ActiveCfg = Release|Any CPU
		{3F49AEA1-EC8A-4F80-924C-AB3CAC9C1D6E}.Debug|Any CPU.ActiveCfg = Debug|Any CPU
		{3F49AEA1-EC8A-4F80-924C-AB3CAC9C1D6E}.Debug|Any CPU.Build.0 = Debug|Any CPU
		{3F49AEA1-EC8A-4F80-924C-AB3CAC9C1D6E}.Debug|Mixed Platforms.ActiveCfg = Debug|Any CPU
		{3F49AEA1-EC8A-4F80-924C-AB3CAC9C1D6E}.Debug|Mixed Platforms.Build.0 = Debug|Any CPU
		{3F49AEA1-EC8A-4F80-924C-AB3CAC9C1D6E}.Debug|Win32.ActiveCfg = Debug|Any CPU
		{3F49AEA1-EC8A-4F80-924C-AB3CAC9C1D6E}.Debug|x86.ActiveCfg = Debug|Any CPU
		{3F49AEA1-EC8A-4F80-924C-AB3CAC9C1D6E}.Develog|Any CPU.ActiveCfg = Debug|Any CPU
		{3F49AEA1-EC8A-4F80-924C-AB3CAC9C1D6E}.Develog|Any CPU.Build.0 = Debug|Any CPU
		{3F49AEA1-EC8A-4F80-924C-AB3CAC9C1D6E}.Develog|Mixed Platforms.ActiveCfg = Debug|Any CPU
		{3F49AEA1-EC8A-4F80-924C-AB3CAC9C1D6E}.Develog|Mixed Platforms.Build.0 = Debug|Any CPU
		{3F49AEA1-EC8A-4F80-924C-AB3CAC9C1D6E}.Develog|Win32.ActiveCfg = Debug|Any CPU
		{3F49AEA1-EC8A-4F80-924C-AB3CAC9C1D6E}.Develog|x86.ActiveCfg = Debug|Any CPU
		{3F49AEA1-EC8A-4F80-924C-AB3CAC9C1D6E}.Release|Any CPU.ActiveCfg = Release|Any CPU
		{3F49AEA1-EC8A-4F80-924C-AB3CAC9C1D6E}.Release|Any CPU.Build.0 = Release|Any CPU
		{3F49AEA1-EC8A-4F80-924C-AB3CAC9C1D6E}.Release|Mixed Platforms.ActiveCfg = Release|Any CPU
		{3F49AEA1-EC8A-4F80-924C-AB3CAC9C1D6E}.Release|Mixed Platforms.Build.0 = Release|Any CPU
		{3F49AEA1-EC8A-4F80-924C-AB3CAC9C1D6E}.Release|Win32.ActiveCfg = Release|Any CPU
		{3F49AEA1-EC8A-4F80-924C-AB3CAC9C1D6E}.Release|x86.ActiveCfg = Release|Any CPU
		{3368D295-80BA-430F-A0BF-7703F7A39D44}.Debug|Any CPU.ActiveCfg = Debug|x86
		{3368D295-80BA-430F-A0BF-7703F7A39D44}.Debug|Mixed Platforms.ActiveCfg = Debug|x86
		{3368D295-80BA-430F-A0BF-7703F7A39D44}.Debug|Mixed Platforms.Build.0 = Debug|x86
		{3368D295-80BA-430F-A0BF-7703F7A39D44}.Debug|Win32.ActiveCfg = Debug|x86
		{3368D295-80BA-430F-A0BF-7703F7A39D44}.Debug|Win32.Build.0 = Debug|x86
		{3368D295-80BA-430F-A0BF-7703F7A39D44}.Debug|x86.ActiveCfg = Debug|x86
		{3368D295-80BA-430F-A0BF-7703F7A39D44}.Debug|x86.Build.0 = Debug|x86
		{3368D295-80BA-430F-A0BF-7703F7A39D44}.Develog|Any CPU.ActiveCfg = Debug|x86
		{3368D295-80BA-430F-A0BF-7703F7A39D44}.Develog|Mixed Platforms.ActiveCfg = Debug|x86
		{3368D295-80BA-430F-A0BF-7703F7A39D44}.Develog|Mixed Platforms.Build.0 = Debug|x86
		{3368D295-80BA-430F-A0BF-7703F7A39D44}.Develog|Win32.ActiveCfg = Debug|x86
		{3368D295-80BA-430F-A0BF-7703F7A39D44}.Develog|Win32.Build.0 = Debug|x86
		{3368D295-80BA-430F-A0BF-7703F7A39D44}.Develog|x86.ActiveCfg = Debug|x86
		{3368D295-80BA-430F-A0BF-7703F7A39D44}.Develog|x86.Build.0 = Debug|x86
		{3368D295-80BA-430F-A0BF-7703F7A39D44}.Release|Any CPU.ActiveCfg = Release|x86
		{3368D295-80BA-430F-A0BF-7703F7A39D44}.Release|Mixed Platforms.ActiveCfg = Release|x86
		{3368D295-80BA-430F-A0BF-7703F7A39D44}.Release|Mixed Platforms.Build.0 = Release|x86
		{3368D295-80BA-430F-A0BF-7703F7A39D44}.Release|Win32.ActiveCfg = Release|x86
		{3368D295-80BA-430F-A0BF-7703F7A39D44}.Release|Win32.Build.0 = Release|x86
		{3368D295-80BA-430F-A0BF-7703F7A39D44}.Release|x86.ActiveCfg = Release|x86
		{3368D295-80BA-430F-A0BF-7703F7A39D44}.Release|x86.Build.0 = Release|x86
		{CA110C0F-605C-4946-8BFF-F550A0177660}.Debug|Any CPU.ActiveCfg = Debug|x86
		{CA110C0F-605C-4946-8BFF-F550A0177660}.Debug|Mixed Platforms.ActiveCfg = Debug|x86
		{CA110C0F-605C-4946-8BFF-F550A0177660}.Debug|Mixed Platforms.Build.0 = Debug|x86
		{CA110C0F-605C-4946-8BFF-F550A0177660}.Debug|Win32.ActiveCfg = Debug|x86
		{CA110C0F-605C-4946-8BFF-F550A0177660}.Debug|Win32.Build.0 = Debug|x86
		{CA110C0F-605C-4946-8BFF-F550A0177660}.Debug|x86.ActiveCfg = Debug|x86
		{CA110C0F-605C-4946-8BFF-F550A0177660}.Debug|x86.Build.0 = Debug|x86
		{CA110C0F-605C-4946-8BFF-F550A0177660}.Develog|Any CPU.ActiveCfg = Debug|x86
		{CA110C0F-605C-4946-8BFF-F550A0177660}.Develog|Mixed Platforms.ActiveCfg = Debug|x86
		{CA110C0F-605C-4946-8BFF-F550A0177660}.Develog|Mixed Platforms.Build.0 = Debug|x86
		{CA110C0F-605C-4946-8BFF-F550A0177660}.Develog|Win32.ActiveCfg = Debug|x86
		{CA110C0F-605C-4946-8BFF-F550A0177660}.Develog|Win32.Build.0 = Debug|x86
		{CA110C0F-605C-4946-8BFF-F550A0177660}.Develog|x86.ActiveCfg = Debug|x86
		{CA110C0F-605C-4946-8BFF-F550A0177660}.Develog|x86.Build.0 = Debug|x86
		{CA110C0F-605C-4946-8BFF-F550A0177660}.Release|Any CPU.ActiveCfg = Release|x86
		{CA110C0F-605C-4946-8BFF-F550A0177660}.Release|Mixed Platforms.ActiveCfg = Release|x86
		{CA110C0F-605C-4946-8BFF-F550A0177660}.Release|Mixed Platforms.Build.0 = Release|x86
		{CA110C0F-605C-4946-8BFF-F550A0177660}.Release|Win32.ActiveCfg = Release|x86
		{CA110C0F-605C-4946-8BFF-F550A0177660}.Release|Win32.Build.0 = Release|x86
		{CA110C0F-605C-4946-8BFF-F550A0177660}.Release|x86.ActiveCfg = Release|x86
		{CA110C0F-605C-4946-8BFF-F550A0177660}.Release|x86.Build.0 = Release|x86
		{CA864C72-3061-4E6A-8D15-099021E2F6F4}.Debug|Any CPU.ActiveCfg = Debug|Any CPU
		{CA864C72-3061-4E6A-8D15-099021E2F6F4}.Debug|Any CPU.Build.0 = Debug|Any CPU
		{CA864C72-3061-4E6A-8D15-099021E2F6F4}.Debug|Mixed Platforms.ActiveCfg = Debug|Any CPU
		{CA864C72-3061-4E6A-8D15-099021E2F6F4}.Debug|Mixed Platforms.Build.0 = Debug|Any CPU
		{CA864C72-3061-4E6A-8D15-099021E2F6F4}.Debug|Win32.ActiveCfg = Debug|Any CPU
		{CA864C72-3061-4E6A-8D15-099021E2F6F4}.Debug|x86.ActiveCfg = Debug|Any CPU
		{CA864C72-3061-4E6A-8D15-099021E2F6F4}.Develog|Any CPU.ActiveCfg = Debug|Any CPU
		{CA864C72-3061-4E6A-8D15-099021E2F6F4}.Develog|Any CPU.Build.0 = Debug|Any CPU
		{CA864C72-3061-4E6A-8D15-099021E2F6F4}.Develog|Mixed Platforms.ActiveCfg = Debug|Any CPU
		{CA864C72-3061-4E6A-8D15-099021E2F6F4}.Develog|Mixed Platforms.Build.0 = Debug|Any CPU
		{CA864C72-3061-4E6A-8D15-099021E2F6F4}.Develog|Win32.ActiveCfg = Debug|Any CPU
		{CA864C72-3061-4E6A-8D15-099021E2F6F4}.Develog|x86.ActiveCfg = Debug|Any CPU
		{CA864C72-3061-4E6A-8D15-099021E2F6F4}.Release|Any CPU.ActiveCfg = Release|Any CPU
		{CA864C72-3061-4E6A-8D15-099021E2F6F4}.Release|Any CPU.Build.0 = Release|Any CPU
		{CA864C72-3061-4E6A-8D15-099021E2F6F4}.Release|Mixed Platforms.ActiveCfg = Release|Any CPU
		{CA864C72-3061-4E6A-8D15-099021E2F6F4}.Release|Mixed Platforms.Build.0 = Release|Any CPU
		{CA864C72-3061-4E6A-8D15-099021E2F6F4}.Release|Win32.ActiveCfg = Release|Any CPU
		{CA864C72-3061-4E6A-8D15-099021E2F6F4}.Release|x86.ActiveCfg = Release|Any CPU
		{B3667589-D9B1-489E-AB4F-D1EC06A40A9D}.Debug|Any CPU.ActiveCfg = Debug|x86
		{B3667589-D9B1-489E-AB4F-D1EC06A40A9D}.Debug|Mixed Platforms.ActiveCfg = Debug|x86
		{B3667589-D9B1-489E-AB4F-D1EC06A40A9D}.Debug|Mixed Platforms.Build.0 = Debug|x86
		{B3667589-D9B1-489E-AB4F-D1EC06A40A9D}.Debug|Win32.ActiveCfg = Debug|x86
		{B3667589-D9B1-489E-AB4F-D1EC06A40A9D}.Debug|Win32.Build.0 = Debug|x86
		{B3667589-D9B1-489E-AB4F-D1EC06A40A9D}.Debug|x86.ActiveCfg = Debug|x86
		{B3667589-D9B1-489E-AB4F-D1EC06A40A9D}.Debug|x86.Build.0 = Debug|x86
		{B3667589-D9B1-489E-AB4F-D1EC06A40A9D}.Develog|Any CPU.ActiveCfg = Debug|x86
		{B3667589-D9B1-489E-AB4F-D1EC06A40A9D}.Develog|Mixed Platforms.ActiveCfg = Debug|x86
		{B3667589-D9B1-489E-AB4F-D1EC06A40A9D}.Develog|Mixed Platforms.Build.0 = Debug|x86
		{B3667589-D9B1-489E-AB4F-D1EC06A40A9D}.Develog|Win32.ActiveCfg = Debug|x86
		{B3667589-D9B1-489E-AB4F-D1EC06A40A9D}.Develog|Win32.Build.0 = Debug|x86
		{B3667589-D9B1-489E-AB4F-D1EC06A40A9D}.Develog|x86.ActiveCfg = Debug|x86
		{B3667589-D9B1-489E-AB4F-D1EC06A40A9D}.Develog|x86.Build.0 = Debug|x86
		{B3667589-D9B1-489E-AB4F-D1EC06A40A9D}.Release|Any CPU.ActiveCfg = Release|x86
		{B3667589-D9B1-489E-AB4F-D1EC06A40A9D}.Release|Mixed Platforms.ActiveCfg = Release|x86
		{B3667589-D9B1-489E-AB4F-D1EC06A40A9D}.Release|Mixed Platforms.Build.0 = Release|x86
		{B3667589-D9B1-489E-AB4F-D1EC06A40A9D}.Release|Win32.ActiveCfg = Release|x86
		{B3667589-D9B1-489E-AB4F-D1EC06A40A9D}.Release|Win32.Build.0 = Release|x86
		{B3667589-D9B1-489E-AB4F-D1EC06A40A9D}.Release|x86.ActiveCfg = Release|x86
		{B3667589-D9B1-489E-AB4F-D1EC06A40A9D}.Release|x86.Build.0 = Release|x86
		{2484B5E6-059B-4A4F-942B-45BE9DFD57EB}.Debug|Any CPU.ActiveCfg = Debug|x86
		{2484B5E6-059B-4A4F-942B-45BE9DFD57EB}.Debug|Mixed Platforms.ActiveCfg = Debug|x86
		{2484B5E6-059B-4A4F-942B-45BE9DFD57EB}.Debug|Mixed Platforms.Build.0 = Debug|x86
		{2484B5E6-059B-4A4F-942B-45BE9DFD57EB}.Debug|Win32.ActiveCfg = Debug|x86
		{2484B5E6-059B-4A4F-942B-45BE9DFD57EB}.Debug|Win32.Build.0 = Debug|x86
		{2484B5E6-059B-4A4F-942B-45BE9DFD57EB}.Debug|x86.ActiveCfg = Debug|x86
		{2484B5E6-059B-4A4F-942B-45BE9DFD57EB}.Debug|x86.Build.0 = Debug|x86
		{2484B5E6-059B-4A4F-942B-45BE9DFD57EB}.Develog|Any CPU.ActiveCfg = Debug|x86
		{2484B5E6-059B-4A4F-942B-45BE9DFD57EB}.Develog|Mixed Platforms.ActiveCfg = Debug|x86
		{2484B5E6-059B-4A4F-942B-45BE9DFD57EB}.Develog|Mixed Platforms.Build.0 = Debug|x86
		{2484B5E6-059B-4A4F-942B-45BE9DFD57EB}.Develog|Win32.ActiveCfg = Debug|x86
		{2484B5E6-059B-4A4F-942B-45BE9DFD57EB}.Develog|Win32.Build.0 = Debug|x86
		{2484B5E6-059B-4A4F-942B-45BE9DFD57EB}.Develog|x86.ActiveCfg = Debug|x86
		{2484B5E6-059B-4A4F-942B-45BE9DFD57EB}.Develog|x86.Build.0 = Debug|x86
		{2484B5E6-059B-4A4F-942B-45BE9DFD57EB}.Release|Any CPU.ActiveCfg = Release|x86
		{2484B5E6-059B-4A4F-942B-45BE9DFD57EB}.Release|Mixed Platforms.ActiveCfg = Release|x86
		{2484B5E6-059B-4A4F-942B-45BE9DFD57EB}.Release|Mixed Platforms.Build.0 = Release|x86
		{2484B5E6-059B-4A4F-942B-45BE9DFD57EB}.Release|Win32.ActiveCfg = Release|x86
		{2484B5E6-059B-4A4F-942B-45BE9DFD57EB}.Release|Win32.Build.0 = Release|x86
		{2484B5E6-059B-4A4F-942B-45BE9DFD57EB}.Release|x86.ActiveCfg = Release|x86
		{2484B5E6-059B-4A4F-942B-45BE9DFD57EB}.Release|x86.Build.0 = Release|x86
		{EA0DC1C0-B875-45ED-B86B-B548C077E5FA}.Debug|Any CPU.ActiveCfg = Debug|Any CPU
		{EA0DC1C0-B875-45ED-B86B-B548C077E5FA}.Debug|Any CPU.Build.0 = Debug|Any CPU
		{EA0DC1C0-B875-45ED-B86B-B548C077E5FA}.Debug|Mixed Platforms.ActiveCfg = Debug|Any CPU
		{EA0DC1C0-B875-45ED-B86B-B548C077E5FA}.Debug|Mixed Platforms.Build.0 = Debug|Any CPU
		{EA0DC1C0-B875-45ED-B86B-B548C077E5FA}.Debug|Win32.ActiveCfg = Debug|Any CPU
		{EA0DC1C0-B875-45ED-B86B-B548C077E5FA}.Debug|x86.ActiveCfg = Debug|Any CPU
		{EA0DC1C0-B875-45ED-B86B-B548C077E5FA}.Develog|Any CPU.ActiveCfg = Debug|Any CPU
		{EA0DC1C0-B875-45ED-B86B-B548C077E5FA}.Develog|Any CPU.Build.0 = Debug|Any CPU
		{EA0DC1C0-B875-45ED-B86B-B548C077E5FA}.Develog|Mixed Platforms.ActiveCfg = Debug|Any CPU
		{EA0DC1C0-B875-45ED-B86B-B548C077E5FA}.Develog|Mixed Platforms.Build.0 = Debug|Any CPU
		{EA0DC1C0-B875-45ED-B86B-B548C077E5FA}.Develog|Win32.ActiveCfg = Debug|Any CPU
		{EA0DC1C0-B875-45ED-B86B-B548C077E5FA}.Develog|x86.ActiveCfg = Debug|Any CPU
		{EA0DC1C0-B875-45ED-B86B-B548C077E5FA}.Release|Any CPU.ActiveCfg = Release|Any CPU
		{EA0DC1C0-B875-45ED-B86B-B548C077E5FA}.Release|Any CPU.Build.0 = Release|Any CPU
		{EA0DC1C0-B875-45ED-B86B-B548C077E5FA}.Release|Mixed Platforms.ActiveCfg = Release|Any CPU
		{EA0DC1C0-B875-45ED-B86B-B548C077E5FA}.Release|Mixed Platforms.Build.0 = Release|Any CPU
		{EA0DC1C0-B875-45ED-B86B-B548C077E5FA}.Release|Win32.ActiveCfg = Release|Any CPU
		{EA0DC1C0-B875-45ED-B86B-B548C077E5FA}.Release|x86.ActiveCfg = Release|Any CPU
		{BB8A87E3-7CE9-41F2-87D5-1E480A3E6061}.Debug|Any CPU.ActiveCfg = Debug|Any CPU
		{BB8A87E3-7CE9-41F2-87D5-1E480A3E6061}.Debug|Any CPU.Build.0 = Debug|Any CPU
		{BB8A87E3-7CE9-41F2-87D5-1E480A3E6061}.Debug|Mixed Platforms.ActiveCfg = Debug|Any CPU
		{BB8A87E3-7CE9-41F2-87D5-1E480A3E6061}.Debug|Mixed Platforms.Build.0 = Debug|Any CPU
		{BB8A87E3-7CE9-41F2-87D5-1E480A3E6061}.Debug|Win32.ActiveCfg = Debug|Any CPU
		{BB8A87E3-7CE9-41F2-87D5-1E480A3E6061}.Debug|x86.ActiveCfg = Debug|Any CPU
		{BB8A87E3-7CE9-41F2-87D5-1E480A3E6061}.Develog|Any CPU.ActiveCfg = Debug|Any CPU
		{BB8A87E3-7CE9-41F2-87D5-1E480A3E6061}.Develog|Any CPU.Build.0 = Debug|Any CPU
		{BB8A87E3-7CE9-41F2-87D5-1E480A3E6061}.Develog|Mixed Platforms.ActiveCfg = Debug|Any CPU
		{BB8A87E3-7CE9-41F2-87D5-1E480A3E6061}.Develog|Mixed Platforms.Build.0 = Debug|Any CPU
		{BB8A87E3-7CE9-41F2-87D5-1E480A3E6061}.Develog|Win32.ActiveCfg = Debug|Any CPU
		{BB8A87E3-7CE9-41F2-87D5-1E480A3E6061}.Develog|x86.ActiveCfg = Debug|Any CPU
		{BB8A87E3-7CE9-41F2-87D5-1E480A3E6061}.Release|Any CPU.ActiveCfg = Release|Any CPU
		{BB8A87E3-7CE9-41F2-87D5-1E480A3E6061}.Release|Any CPU.Build.0 = Release|Any CPU
		{BB8A87E3-7CE9-41F2-87D5-1E480A3E6061}.Release|Mixed Platforms.ActiveCfg = Release|Any CPU
		{BB8A87E3-7CE9-41F2-87D5-1E480A3E6061}.Release|Mixed Platforms.Build.0 = Release|Any CPU
		{BB8A87E3-7CE9-41F2-87D5-1E480A3E6061}.Release|Win32.ActiveCfg = Release|Any CPU
		{BB8A87E3-7CE9-41F2-87D5-1E480A3E6061}.Release|x86.ActiveCfg = Release|Any CPU
		{C77744CE-FFBE-4EB6-81C3-766DEC0D5634}.Debug|Any CPU.ActiveCfg = Debug|Any CPU
		{C77744CE-FFBE-4EB6-81C3-766DEC0D5634}.Debug|Any CPU.Build.0 = Debug|Any CPU
		{C77744CE-FFBE-4EB6-81C3-766DEC0D5634}.Debug|Mixed Platforms.ActiveCfg = Debug|Any CPU
		{C77744CE-FFBE-4EB6-81C3-766DEC0D5634}.Debug|Mixed Platforms.Build.0 = Debug|Any CPU
		{C77744CE-FFBE-4EB6-81C3-766DEC0D5634}.Debug|Win32.ActiveCfg = Debug|Any CPU
		{C77744CE-FFBE-4EB6-81C3-766DEC0D5634}.Debug|x86.ActiveCfg = Debug|Any CPU
		{C77744CE-FFBE-4EB6-81C3-766DEC0D5634}.Develog|Any CPU.ActiveCfg = Debug|Any CPU
		{C77744CE-FFBE-4EB6-81C3-766DEC0D5634}.Develog|Any CPU.Build.0 = Debug|Any CPU
		{C77744CE-FFBE-4EB6-81C3-766DEC0D5634}.Develog|Mixed Platforms.ActiveCfg = Debug|Any CPU
		{C77744CE-FFBE-4EB6-81C3-766DEC0D5634}.Develog|Mixed Platforms.Build.0 = Debug|Any CPU
		{C77744CE-FFBE-4EB6-81C3-766DEC0D5634}.Develog|Win32.ActiveCfg = Debug|Any CPU
		{C77744CE-FFBE-4EB6-81C3-766DEC0D5634}.Develog|x86.ActiveCfg = Debug|Any CPU
		{C77744CE-FFBE-4EB6-81C3-766DEC0D5634}.Release|Any CPU.ActiveCfg = Release|Any CPU
		{C77744CE-FFBE-4EB6-81C3-766DEC0D5634}.Release|Any CPU.Build.0 = Release|Any CPU
		{C77744CE-FFBE-4EB6-81C3-766DEC0D5634}.Release|Mixed Platforms.ActiveCfg = Release|Any CPU
		{C77744CE-FFBE-4EB6-81C3-766DEC0D5634}.Release|Mixed Platforms.Build.0 = Release|Any CPU
		{C77744CE-FFBE-4EB6-81C3-766DEC0D5634}.Release|Win32.ActiveCfg = Release|Any CPU
		{C77744CE-FFBE-4EB6-81C3-766DEC0D5634}.Release|x86.ActiveCfg = Release|Any CPU
		{04567B25-756F-4886-AF9E-FFA40B2E2D23}.Debug|Any CPU.ActiveCfg = Debug|Any CPU
		{04567B25-756F-4886-AF9E-FFA40B2E2D23}.Debug|Any CPU.Build.0 = Debug|Any CPU
		{04567B25-756F-4886-AF9E-FFA40B2E2D23}.Debug|Mixed Platforms.ActiveCfg = Debug|Any CPU
		{04567B25-756F-4886-AF9E-FFA40B2E2D23}.Debug|Mixed Platforms.Build.0 = Debug|Any CPU
		{04567B25-756F-4886-AF9E-FFA40B2E2D23}.Debug|Win32.ActiveCfg = Debug|Any CPU
		{04567B25-756F-4886-AF9E-FFA40B2E2D23}.Debug|x86.ActiveCfg = Debug|Any CPU
		{04567B25-756F-4886-AF9E-FFA40B2E2D23}.Develog|Any CPU.ActiveCfg = Debug|Any CPU
		{04567B25-756F-4886-AF9E-FFA40B2E2D23}.Develog|Any CPU.Build.0 = Debug|Any CPU
		{04567B25-756F-4886-AF9E-FFA40B2E2D23}.Develog|Mixed Platforms.ActiveCfg = Debug|Any CPU
		{04567B25-756F-4886-AF9E-FFA40B2E2D23}.Develog|Mixed Platforms.Build.0 = Debug|Any CPU
		{04567B25-756F-4886-AF9E-FFA40B2E2D23}.Develog|Win32.ActiveCfg = Debug|Any CPU
		{04567B25-756F-4886-AF9E-FFA40B2E2D23}.Develog|x86.ActiveCfg = Debug|Any CPU
		{04567B25-756F-4886-AF9E-FFA40B2E2D23}.Release|Any CPU.ActiveCfg = Release|Any CPU
		{04567B25-756F-4886-AF9E-FFA40B2E2D23}.Release|Any CPU.Build.0 = Release|Any CPU
		{04567B25-756F-4886-AF9E-FFA40B2E2D23}.Release|Mixed Platforms.ActiveCfg = Release|Any CPU
		{04567B25-756F-4886-AF9E-FFA40B2E2D23}.Release|Mixed Platforms.Build.0 = Release|Any CPU
		{04567B25-756F-4886-AF9E-FFA40B2E2D23}.Release|Win32.ActiveCfg = Release|Any CPU
		{04567B25-756F-4886-AF9E-FFA40B2E2D23}.Release|x86.ActiveCfg = Release|Any CPU
		{B7775C13-1C51-4290-9CB3-00FA56DEBEE4}.Debug|Any CPU.ActiveCfg = Debug|Any CPU
		{B7775C13-1C51-4290-9CB3-00FA56DEBEE4}.Debug|Any CPU.Build.0 = Debug|Any CPU
		{B7775C13-1C51-4290-9CB3-00FA56DEBEE4}.Debug|Mixed Platforms.ActiveCfg = Debug|Any CPU
		{B7775C13-1C51-4290-9CB3-00FA56DEBEE4}.Debug|Mixed Platforms.Build.0 = Debug|Any CPU
		{B7775C13-1C51-4290-9CB3-00FA56DEBEE4}.Debug|Win32.ActiveCfg = Debug|Any CPU
		{B7775C13-1C51-4290-9CB3-00FA56DEBEE4}.Debug|x86.ActiveCfg = Debug|Any CPU
		{B7775C13-1C51-4290-9CB3-00FA56DEBEE4}.Develog|Any CPU.ActiveCfg = Debug|Any CPU
		{B7775C13-1C51-4290-9CB3-00FA56DEBEE4}.Develog|Any CPU.Build.0 = Debug|Any CPU
		{B7775C13-1C51-4290-9CB3-00FA56DEBEE4}.Develog|Mixed Platforms.ActiveCfg = Debug|Any CPU
		{B7775C13-1C51-4290-9CB3-00FA56DEBEE4}.Develog|Mixed Platforms.Build.0 = Debug|Any CPU
		{B7775C13-1C51-4290-9CB3-00FA56DEBEE4}.Develog|Win32.ActiveCfg = Debug|Any CPU
		{B7775C13-1C51-4290-9CB3-00FA56DEBEE4}.Develog|x86.ActiveCfg = Debug|Any CPU
		{B7775C13-1C51-4290-9CB3-00FA56DEBEE4}.Release|Any CPU.ActiveCfg = Release|Any CPU
		{B7775C13-1C51-4290-9CB3-00FA56DEBEE4}.Release|Any CPU.Build.0 = Release|Any CPU
		{B7775C13-1C51-4290-9CB3-00FA56DEBEE4}.Release|Mixed Platforms.ActiveCfg = Release|Any CPU
		{B7775C13-1C51-4290-9CB3-00FA56DEBEE4}.Release|Mixed Platforms.Build.0 = Release|Any CPU
		{B7775C13-1C51-4290-9CB3-00FA56DEBEE4}.Release|Win32.ActiveCfg = Release|Any CPU
		{B7775C13-1C51-4290-9CB3-00FA56DEBEE4}.Release|x86.ActiveCfg = Release|Any CPU
		{05EB005E-5D82-4FE0-B5FF-3A8D6AFCC79A}.Debug|Any CPU.ActiveCfg = Debug|Any CPU
		{05EB005E-5D82-4FE0-B5FF-3A8D6AFCC79A}.Debug|Any CPU.Build.0 = Debug|Any CPU
		{05EB005E-5D82-4FE0-B5FF-3A8D6AFCC79A}.Debug|Mixed Platforms.ActiveCfg = Debug|Any CPU
		{05EB005E-5D82-4FE0-B5FF-3A8D6AFCC79A}.Debug|Mixed Platforms.Build.0 = Debug|Any CPU
		{05EB005E-5D82-4FE0-B5FF-3A8D6AFCC79A}.Debug|Win32.ActiveCfg = Debug|Any CPU
		{05EB005E-5D82-4FE0-B5FF-3A8D6AFCC79A}.Debug|x86.ActiveCfg = Debug|Any CPU
		{05EB005E-5D82-4FE0-B5FF-3A8D6AFCC79A}.Develog|Any CPU.ActiveCfg = Debug|Any CPU
		{05EB005E-5D82-4FE0-B5FF-3A8D6AFCC79A}.Develog|Any CPU.Build.0 = Debug|Any CPU
		{05EB005E-5D82-4FE0-B5FF-3A8D6AFCC79A}.Develog|Mixed Platforms.ActiveCfg = Debug|Any CPU
		{05EB005E-5D82-4FE0-B5FF-3A8D6AFCC79A}.Develog|Mixed Platforms.Build.0 = Debug|Any CPU
		{05EB005E-5D82-4FE0-B5FF-3A8D6AFCC79A}.Develog|Win32.ActiveCfg = Debug|Any CPU
		{05EB005E-5D82-4FE0-B5FF-3A8D6AFCC79A}.Develog|x86.ActiveCfg = Debug|Any CPU
		{05EB005E-5D82-4FE0-B5FF-3A8D6AFCC79A}.Release|Any CPU.ActiveCfg = Release|Any CPU
		{05EB005E-5D82-4FE0-B5FF-3A8D6AFCC79A}.Release|Any CPU.Build.0 = Release|Any CPU
		{05EB005E-5D82-4FE0-B5FF-3A8D6AFCC79A}.Release|Mixed Platforms.ActiveCfg = Release|Any CPU
		{05EB005E-5D82-4FE0-B5FF-3A8D6AFCC79A}.Release|Mixed Platforms.Build.0 = Release|Any CPU
		{05EB005E-5D82-4FE0-B5FF-3A8D6AFCC79A}.Release|Win32.ActiveCfg = Release|Any CPU
		{05EB005E-5D82-4FE0-B5FF-3A8D6AFCC79A}.Release|x86.ActiveCfg = Release|Any CPU
		{4C98D197-7B74-42C4-92E3-4A943A4AB576}.Debug|Any CPU.ActiveCfg = Debug|Any CPU
		{4C98D197-7B74-42C4-92E3-4A943A4AB576}.Debug|Any CPU.Build.0 = Debug|Any CPU
		{4C98D197-7B74-42C4-92E3-4A943A4AB576}.Debug|Mixed Platforms.ActiveCfg = Debug|Any CPU
		{4C98D197-7B74-42C4-92E3-4A943A4AB576}.Debug|Mixed Platforms.Build.0 = Debug|Any CPU
		{4C98D197-7B74-42C4-92E3-4A943A4AB576}.Debug|Win32.ActiveCfg = Debug|Any CPU
		{4C98D197-7B74-42C4-92E3-4A943A4AB576}.Debug|x86.ActiveCfg = Debug|Any CPU
		{4C98D197-7B74-42C4-92E3-4A943A4AB576}.Develog|Any CPU.ActiveCfg = Debug|Any CPU
		{4C98D197-7B74-42C4-92E3-4A943A4AB576}.Develog|Any CPU.Build.0 = Debug|Any CPU
		{4C98D197-7B74-42C4-92E3-4A943A4AB576}.Develog|Mixed Platforms.ActiveCfg = Debug|Any CPU
		{4C98D197-7B74-42C4-92E3-4A943A4AB576}.Develog|Mixed Platforms.Build.0 = Debug|Any CPU
		{4C98D197-7B74-42C4-92E3-4A943A4AB576}.Develog|Win32.ActiveCfg = Debug|Any CPU
		{4C98D197-7B74-42C4-92E3-4A943A4AB576}.Develog|x86.ActiveCfg = Debug|Any CPU
		{4C98D197-7B74-42C4-92E3-4A943A4AB576}.Release|Any CPU.ActiveCfg = Release|Any CPU
		{4C98D197-7B74-42C4-92E3-4A943A4AB576}.Release|Any CPU.Build.0 = Release|Any CPU
		{4C98D197-7B74-42C4-92E3-4A943A4AB576}.Release|Mixed Platforms.ActiveCfg = Release|Any CPU
		{4C98D197-7B74-42C4-92E3-4A943A4AB576}.Release|Mixed Platforms.Build.0 = Release|Any CPU
		{4C98D197-7B74-42C4-92E3-4A943A4AB576}.Release|Win32.ActiveCfg = Release|Any CPU
		{4C98D197-7B74-42C4-92E3-4A943A4AB576}.Release|x86.ActiveCfg = Release|Any CPU
		{9C55FF54-EB81-4216-B541-F547CA9D263C}.Debug|Any CPU.ActiveCfg = Debug|Any CPU
		{9C55FF54-EB81-4216-B541-F547CA9D263C}.Debug|Any CPU.Build.0 = Debug|Any CPU
		{9C55FF54-EB81-4216-B541-F547CA9D263C}.Debug|Mixed Platforms.ActiveCfg = Debug|Any CPU
		{9C55FF54-EB81-4216-B541-F547CA9D263C}.Debug|Mixed Platforms.Build.0 = Debug|Any CPU
		{9C55FF54-EB81-4216-B541-F547CA9D263C}.Debug|Win32.ActiveCfg = Debug|Any CPU
		{9C55FF54-EB81-4216-B541-F547CA9D263C}.Debug|x86.ActiveCfg = Debug|Any CPU
		{9C55FF54-EB81-4216-B541-F547CA9D263C}.Develog|Any CPU.ActiveCfg = Debug|Any CPU
		{9C55FF54-EB81-4216-B541-F547CA9D263C}.Develog|Any CPU.Build.0 = Debug|Any CPU
		{9C55FF54-EB81-4216-B541-F547CA9D263C}.Develog|Mixed Platforms.ActiveCfg = Debug|Any CPU
		{9C55FF54-EB81-4216-B541-F547CA9D263C}.Develog|Mixed Platforms.Build.0 = Debug|Any CPU
		{9C55FF54-EB81-4216-B541-F547CA9D263C}.Develog|Win32.ActiveCfg = Debug|Any CPU
		{9C55FF54-EB81-4216-B541-F547CA9D263C}.Develog|x86.ActiveCfg = Debug|Any CPU
		{9C55FF54-EB81-4216-B541-F547CA9D263C}.Release|Any CPU.ActiveCfg = Release|Any CPU
		{9C55FF54-EB81-4216-B541-F547CA9D263C}.Release|Any CPU.Build.0 = Release|Any CPU
		{9C55FF54-EB81-4216-B541-F547CA9D263C}.Release|Mixed Platforms.ActiveCfg = Release|Any CPU
		{9C55FF54-EB81-4216-B541-F547CA9D263C}.Release|Mixed Platforms.Build.0 = Release|Any CPU
		{9C55FF54-EB81-4216-B541-F547CA9D263C}.Release|Win32.ActiveCfg = Release|Any CPU
		{9C55FF54-EB81-4216-B541-F547CA9D263C}.Release|x86.ActiveCfg = Release|Any CPU
		{18F85024-4E52-486D-9012-90480CB8212D}.Debug|Any CPU.ActiveCfg = Debug|Any CPU
		{18F85024-4E52-486D-9012-90480CB8212D}.Debug|Any CPU.Build.0 = Debug|Any CPU
		{18F85024-4E52-486D-9012-90480CB8212D}.Debug|Mixed Platforms.ActiveCfg = Debug|Any CPU
		{18F85024-4E52-486D-9012-90480CB8212D}.Debug|Mixed Platforms.Build.0 = Debug|Any CPU
		{18F85024-4E52-486D-9012-90480CB8212D}.Debug|Win32.ActiveCfg = Debug|Any CPU
		{18F85024-4E52-486D-9012-90480CB8212D}.Debug|x86.ActiveCfg = Debug|Any CPU
		{18F85024-4E52-486D-9012-90480CB8212D}.Develog|Any CPU.ActiveCfg = Debug|Any CPU
		{18F85024-4E52-486D-9012-90480CB8212D}.Develog|Any CPU.Build.0 = Debug|Any CPU
		{18F85024-4E52-486D-9012-90480CB8212D}.Develog|Mixed Platforms.ActiveCfg = Debug|Any CPU
		{18F85024-4E52-486D-9012-90480CB8212D}.Develog|Mixed Platforms.Build.0 = Debug|Any CPU
		{18F85024-4E52-486D-9012-90480CB8212D}.Develog|Win32.ActiveCfg = Debug|Any CPU
		{18F85024-4E52-486D-9012-90480CB8212D}.Develog|x86.ActiveCfg = Debug|Any CPU
		{18F85024-4E52-486D-9012-90480CB8212D}.Release|Any CPU.ActiveCfg = Release|Any CPU
		{18F85024-4E52-486D-9012-90480CB8212D}.Release|Any CPU.Build.0 = Release|Any CPU
		{18F85024-4E52-486D-9012-90480CB8212D}.Release|Mixed Platforms.ActiveCfg = Release|Any CPU
		{18F85024-4E52-486D-9012-90480CB8212D}.Release|Mixed Platforms.Build.0 = Release|Any CPU
		{18F85024-4E52-486D-9012-90480CB8212D}.Release|Win32.ActiveCfg = Release|Any CPU
		{18F85024-4E52-486D-9012-90480CB8212D}.Release|x86.ActiveCfg = Release|Any CPU
		{0EC261FD-B483-42EC-976E-BDE63ABEEBD2}.Debug|Any CPU.ActiveCfg = Debug|Any CPU
		{0EC261FD-B483-42EC-976E-BDE63ABEEBD2}.Debug|Any CPU.Build.0 = Debug|Any CPU
		{0EC261FD-B483-42EC-976E-BDE63ABEEBD2}.Debug|Mixed Platforms.ActiveCfg = Debug|Any CPU
		{0EC261FD-B483-42EC-976E-BDE63ABEEBD2}.Debug|Mixed Platforms.Build.0 = Debug|Any CPU
		{0EC261FD-B483-42EC-976E-BDE63ABEEBD2}.Debug|Win32.ActiveCfg = Debug|Any CPU
		{0EC261FD-B483-42EC-976E-BDE63ABEEBD2}.Debug|x86.ActiveCfg = Debug|Any CPU
		{0EC261FD-B483-42EC-976E-BDE63ABEEBD2}.Develog|Any CPU.ActiveCfg = Debug|Any CPU
		{0EC261FD-B483-42EC-976E-BDE63ABEEBD2}.Develog|Any CPU.Build.0 = Debug|Any CPU
		{0EC261FD-B483-42EC-976E-BDE63ABEEBD2}.Develog|Mixed Platforms.ActiveCfg = Debug|Any CPU
		{0EC261FD-B483-42EC-976E-BDE63ABEEBD2}.Develog|Mixed Platforms.Build.0 = Debug|Any CPU
		{0EC261FD-B483-42EC-976E-BDE63ABEEBD2}.Develog|Win32.ActiveCfg = Debug|Any CPU
		{0EC261FD-B483-42EC-976E-BDE63ABEEBD2}.Develog|x86.ActiveCfg = Debug|Any CPU
		{0EC261FD-B483-42EC-976E-BDE63ABEEBD2}.Release|Any CPU.ActiveCfg = Release|Any CPU
		{0EC261FD-B483-42EC-976E-BDE63ABEEBD2}.Release|Any CPU.Build.0 = Release|Any CPU
		{0EC261FD-B483-42EC-976E-BDE63ABEEBD2}.Release|Mixed Platforms.ActiveCfg = Release|Any CPU
		{0EC261FD-B483-42EC-976E-BDE63ABEEBD2}.Release|Mixed Platforms.Build.0 = Release|Any CPU
		{0EC261FD-B483-42EC-976E-BDE63ABEEBD2}.Release|Win32.ActiveCfg = Release|Any CPU
		{0EC261FD-B483-42EC-976E-BDE63ABEEBD2}.Release|x86.ActiveCfg = Release|Any CPU
		{C3C6CA8E-CA11-45B2-B94A-5326727CDA6A}.Debug|Any CPU.ActiveCfg = Debug|Any CPU
		{C3C6CA8E-CA11-45B2-B94A-5326727CDA6A}.Debug|Any CPU.Build.0 = Debug|Any CPU
		{C3C6CA8E-CA11-45B2-B94A-5326727CDA6A}.Debug|Mixed Platforms.ActiveCfg = Debug|Any CPU
		{C3C6CA8E-CA11-45B2-B94A-5326727CDA6A}.Debug|Mixed Platforms.Build.0 = Debug|Any CPU
		{C3C6CA8E-CA11-45B2-B94A-5326727CDA6A}.Debug|Win32.ActiveCfg = Debug|Any CPU
		{C3C6CA8E-CA11-45B2-B94A-5326727CDA6A}.Debug|x86.ActiveCfg = Debug|Any CPU
		{C3C6CA8E-CA11-45B2-B94A-5326727CDA6A}.Develog|Any CPU.ActiveCfg = Debug|Any CPU
		{C3C6CA8E-CA11-45B2-B94A-5326727CDA6A}.Develog|Any CPU.Build.0 = Debug|Any CPU
		{C3C6CA8E-CA11-45B2-B94A-5326727CDA6A}.Develog|Mixed Platforms.ActiveCfg = Debug|Any CPU
		{C3C6CA8E-CA11-45B2-B94A-5326727CDA6A}.Develog|Mixed Platforms.Build.0 = Debug|Any CPU
		{C3C6CA8E-CA11-45B2-B94A-5326727CDA6A}.Develog|Win32.ActiveCfg = Debug|Any CPU
		{C3C6CA8E-CA11-45B2-B94A-5326727CDA6A}.Develog|x86.ActiveCfg = Debug|Any CPU
		{C3C6CA8E-CA11-45B2-B94A-5326727CDA6A}.Release|Any CPU.ActiveCfg = Release|Any CPU
		{C3C6CA8E-CA11-45B2-B94A-5326727CDA6A}.Release|Any CPU.Build.0 = Release|Any CPU
		{C3C6CA8E-CA11-45B2-B94A-5326727CDA6A}.Release|Mixed Platforms.ActiveCfg = Release|Any CPU
		{C3C6CA8E-CA11-45B2-B94A-5326727CDA6A}.Release|Mixed Platforms.Build.0 = Release|Any CPU
		{C3C6CA8E-CA11-45B2-B94A-5326727CDA6A}.Release|Win32.ActiveCfg = Release|Any CPU
		{C3C6CA8E-CA11-45B2-B94A-5326727CDA6A}.Release|x86.ActiveCfg = Release|Any CPU
		{B52D2A0D-55F7-480D-B515-7036054BBEE2}.Debug|Any CPU.ActiveCfg = Debug|Any CPU
		{B52D2A0D-55F7-480D-B515-7036054BBEE2}.Debug|Any CPU.Build.0 = Debug|Any CPU
		{B52D2A0D-55F7-480D-B515-7036054BBEE2}.Debug|Mixed Platforms.ActiveCfg = Debug|Any CPU
		{B52D2A0D-55F7-480D-B515-7036054BBEE2}.Debug|Mixed Platforms.Build.0 = Debug|Any CPU
		{B52D2A0D-55F7-480D-B515-7036054BBEE2}.Debug|Win32.ActiveCfg = Debug|Any CPU
		{B52D2A0D-55F7-480D-B515-7036054BBEE2}.Debug|x86.ActiveCfg = Debug|Any CPU
		{B52D2A0D-55F7-480D-B515-7036054BBEE2}.Develog|Any CPU.ActiveCfg = Debug|Any CPU
		{B52D2A0D-55F7-480D-B515-7036054BBEE2}.Develog|Any CPU.Build.0 = Debug|Any CPU
		{B52D2A0D-55F7-480D-B515-7036054BBEE2}.Develog|Mixed Platforms.ActiveCfg = Debug|Any CPU
		{B52D2A0D-55F7-480D-B515-7036054BBEE2}.Develog|Mixed Platforms.Build.0 = Debug|Any CPU
		{B52D2A0D-55F7-480D-B515-7036054BBEE2}.Develog|Win32.ActiveCfg = Debug|Any CPU
		{B52D2A0D-55F7-480D-B515-7036054BBEE2}.Develog|x86.ActiveCfg = Debug|Any CPU
		{B52D2A0D-55F7-480D-B515-7036054BBEE2}.Release|Any CPU.ActiveCfg = Release|Any CPU
		{B52D2A0D-55F7-480D-B515-7036054BBEE2}.Release|Any CPU.Build.0 = Release|Any CPU
		{B52D2A0D-55F7-480D-B515-7036054BBEE2}.Release|Mixed Platforms.ActiveCfg = Release|Any CPU
		{B52D2A0D-55F7-480D-B515-7036054BBEE2}.Release|Mixed Platforms.Build.0 = Release|Any CPU
		{B52D2A0D-55F7-480D-B515-7036054BBEE2}.Release|Win32.ActiveCfg = Release|Any CPU
		{B52D2A0D-55F7-480D-B515-7036054BBEE2}.Release|x86.ActiveCfg = Release|Any CPU
	EndGlobalSection
	GlobalSection(SolutionProperties) = preSolution
		HideSolutionNode = FALSE
	EndGlobalSection
	GlobalSection(NestedProjects) = preSolution
		{71B295C7-0CDD-45DD-B006-2EFA8667097D} = {CE4CFACE-EF19-4F1C-B633-9ADB108EDF15}
		{4AE3F6E3-7908-4EBD-981C-FB8361F5771B} = {CE4CFACE-EF19-4F1C-B633-9ADB108EDF15}
		{9E1DE99C-F6AA-443F-8B90-3485FECFF850} = {A88F789C-A21E-42D4-AFBB-378D9564F969}
		{7D949744-4557-45C9-86C4-44401F5B49D1} = {A836F41A-4E26-4D0F-ADCD-7FCC453DE0B8}
		{84CEC71A-F110-4A54-A021-F6A324EC1B9F} = {588B4B08-E16A-4B48-810D-4829532F8F29}
		{4B7C063F-72E1-46B0-B5B0-BDB53B51B434} = {588B4B08-E16A-4B48-810D-4829532F8F29}
		{EBDBBF2B-697D-49C0-850F-5C9DD5DE49F9} = {588B4B08-E16A-4B48-810D-4829532F8F29}
		{4C1CC9BA-626F-48E9-8795-D2AEA77FB1EF} = {588B4B08-E16A-4B48-810D-4829532F8F29}
		{785D7DA2-4C66-4EF7-AC77-37F246F03900} = {A3BD5337-765C-41EA-8EFC-412C89CCDBE7}
		{1344C3D8-E137-48BC-8A87-42A8BFDF6651} = {A3BD5337-765C-41EA-8EFC-412C89CCDBE7}
		{1BAACAF3-B3B8-40C4-8B94-42127A97D978} = {327DBAC7-BB17-40B4-8EA1-DA68CE45A80D}
		{3F49AEA1-EC8A-4F80-924C-AB3CAC9C1D6E} = {A5A022F8-1C7D-4B7A-8B42-F75B02F8E6B3}
		{3368D295-80BA-430F-A0BF-7703F7A39D44} = {A5A022F8-1C7D-4B7A-8B42-F75B02F8E6B3}
		{CA110C0F-605C-4946-8BFF-F550A0177660} = {A5A022F8-1C7D-4B7A-8B42-F75B02F8E6B3}
		{CA864C72-3061-4E6A-8D15-099021E2F6F4} = {A5A022F8-1C7D-4B7A-8B42-F75B02F8E6B3}
		{B3667589-D9B1-489E-AB4F-D1EC06A40A9D} = {A5A022F8-1C7D-4B7A-8B42-F75B02F8E6B3}
		{2484B5E6-059B-4A4F-942B-45BE9DFD57EB} = {A5A022F8-1C7D-4B7A-8B42-F75B02F8E6B3}
		{EA0DC1C0-B875-45ED-B86B-B548C077E5FA} = {A5A022F8-1C7D-4B7A-8B42-F75B02F8E6B3}
		{BB8A87E3-7CE9-41F2-87D5-1E480A3E6061} = {A5A022F8-1C7D-4B7A-8B42-F75B02F8E6B3}
		{41272464-B3B6-4333-BEB9-7F825587A557} = {DBD32226-6ABB-40A9-B4D5-A84947FACB38}
		{7589E196-5802-46DA-AB17-E59D1EAF9BAF} = {DBD32226-6ABB-40A9-B4D5-A84947FACB38}
		{26C5AA3F-8798-4AB9-B211-1CFD3B2F1E4F} = {DBD32226-6ABB-40A9-B4D5-A84947FACB38}
		{7EB37CC4-2F91-4C18-B249-2C09A78E7CDC} = {DBD32226-6ABB-40A9-B4D5-A84947FACB38}
		{2F807CC5-576C-4792-8EF9-267216898014} = {DBD32226-6ABB-40A9-B4D5-A84947FACB38}
		{22F7EC87-BC85-441B-93B4-601D2DB75128} = {DBD32226-6ABB-40A9-B4D5-A84947FACB38}
		{C77744CE-FFBE-4EB6-81C3-766DEC0D5634} = {41272464-B3B6-4333-BEB9-7F825587A557}
		{04567B25-756F-4886-AF9E-FFA40B2E2D23} = {41272464-B3B6-4333-BEB9-7F825587A557}
		{4C98D197-7B74-42C4-92E3-4A943A4AB576} = {41272464-B3B6-4333-BEB9-7F825587A557}
		{9C55FF54-EB81-4216-B541-F547CA9D263C} = {41272464-B3B6-4333-BEB9-7F825587A557}
		{B7775C13-1C51-4290-9CB3-00FA56DEBEE4} = {7589E196-5802-46DA-AB17-E59D1EAF9BAF}
		{05EB005E-5D82-4FE0-B5FF-3A8D6AFCC79A} = {26C5AA3F-8798-4AB9-B211-1CFD3B2F1E4F}
		{0EC261FD-B483-42EC-976E-BDE63ABEEBD2} = {7EB37CC4-2F91-4C18-B249-2C09A78E7CDC}
		{18F85024-4E52-486D-9012-90480CB8212D} = {22F7EC87-BC85-441B-93B4-601D2DB75128}
		{C3C6CA8E-CA11-45B2-B94A-5326727CDA6A} = {22F7EC87-BC85-441B-93B4-601D2DB75128}
		{B52D2A0D-55F7-480D-B515-7036054BBEE2} = {237EB0FD-1AF2-4906-B8B0-F1736BFA3D9C}
	EndGlobalSection
EndGlobal
