
Microsoft Visual Studio Solution File, Format Version 12.00
# Visual Studio 2013
VisualStudioVersion = 12.0.31101.0
MinimumVisualStudioVersion = 10.0.40219.1
Project("{FAE04EC0-301F-11D3-BF4B-00C04F79EFBC}") = "Framework", "..\Framework\Framework.csproj", "{D53AABD6-8783-477B-9CDC-942B0D7FF079}"
EndProject
Project("{FAE04EC0-301F-11D3-BF4B-00C04F79EFBC}") = "Framework.Entity.Core", "..\Framework.Entity.Core\Framework.Entity.Core.csproj", "{95218538-693A-47AB-AD1D-AA4556A304BA}"
EndProject
Project("{FAE04EC0-301F-11D3-BF4B-00C04F79EFBC}") = "Framework.Enums", "..\Framework.Enums\Framework.Enums.csproj", "{1D9CA2D6-344A-4124-901D-C9B7C77AFF04}"
EndProject
Project("{FAE04EC0-301F-11D3-BF4B-00C04F79EFBC}") = "DomainModels", "..\DomainModels\DomainModels.csproj", "{566A4836-6770-4987-A7DB-D8B67C28A03F}"
EndProject
Project("{FAE04EC0-301F-11D3-BF4B-00C04F79EFBC}") = "DomainService", "..\DomainService\DomainService.csproj", "{5932C18F-864A-4777-AF24-DB07992FCC55}"
EndProject
Project("{FAE04EC0-301F-11D3-BF4B-00C04F79EFBC}") = "Utility", "..\Utility\Utility.csproj", "{D53CE52A-8E09-409E-A593-979A57D2DFF6}"
EndProject
Project("{FAE04EC0-301F-11D3-BF4B-00C04F79EFBC}") = "Repositories", "..\Repositories\Repositories.csproj", "{D10CBD6F-072A-4EF5-8D40-C8123335ED88}"
EndProject
Project("{2150E333-8FDC-42A3-9474-1A3956D46DE8}") = "04.Domain Models", "04.Domain Models", "{191A9D34-1FCF-4260-9826-657097EE62CA}"
EndProject
Project("{FAE04EC0-301F-11D3-BF4B-00C04F79EFBC}") = "QuerytDtos", "..\QuerytDtos\QuerytDtos.csproj", "{E114D530-EC37-456E-AE78-D81B94A41BCA}"
EndProject
Project("{2150E333-8FDC-42A3-9474-1A3956D46DE8}") = "02.Domain Service Layer", "02.Domain Service Layer", "{73617D14-A3AA-4974-AC59-18E6CECEC72A}"
EndProject
Project("{2150E333-8FDC-42A3-9474-1A3956D46DE8}") = "05.Infrastructure", "05.Infrastructure", "{BC89FBDE-0914-481B-8EE4-D53EF38E5ADD}"
EndProject
Project("{2150E333-8FDC-42A3-9474-1A3956D46DE8}") = "03.Repositories Layer", "03.Repositories Layer", "{81B29063-4B6D-4792-816C-3F453CA75543}"
EndProject
Project("{2150E333-8FDC-42A3-9474-1A3956D46DE8}") = "01.UI", "01.UI", "{3D022D48-A1AD-4EB4-A29A-E71B71084FE6}"
EndProject
Project("{FAE04EC0-301F-11D3-BF4B-00C04F79EFBC}") = "WebUI", "..\WebUI\WebUI.csproj", "{499D1277-F969-4F1A-A0CC-6E87A6EFF429}"
EndProject
Global
	GlobalSection(SolutionConfigurationPlatforms) = preSolution
		Debug|Any CPU = Debug|Any CPU
		Release|Any CPU = Release|Any CPU
	EndGlobalSection
	GlobalSection(ProjectConfigurationPlatforms) = postSolution
		{D53AABD6-8783-477B-9CDC-942B0D7FF079}.Debug|Any CPU.ActiveCfg = Debug|Any CPU
		{D53AABD6-8783-477B-9CDC-942B0D7FF079}.Debug|Any CPU.Build.0 = Debug|Any CPU
		{D53AABD6-8783-477B-9CDC-942B0D7FF079}.Release|Any CPU.ActiveCfg = Release|Any CPU
		{D53AABD6-8783-477B-9CDC-942B0D7FF079}.Release|Any CPU.Build.0 = Release|Any CPU
		{95218538-693A-47AB-AD1D-AA4556A304BA}.Debug|Any CPU.ActiveCfg = Debug|Any CPU
		{95218538-693A-47AB-AD1D-AA4556A304BA}.Debug|Any CPU.Build.0 = Debug|Any CPU
		{95218538-693A-47AB-AD1D-AA4556A304BA}.Release|Any CPU.ActiveCfg = Release|Any CPU
		{95218538-693A-47AB-AD1D-AA4556A304BA}.Release|Any CPU.Build.0 = Release|Any CPU
		{1D9CA2D6-344A-4124-901D-C9B7C77AFF04}.Debug|Any CPU.ActiveCfg = Debug|Any CPU
		{1D9CA2D6-344A-4124-901D-C9B7C77AFF04}.Debug|Any CPU.Build.0 = Debug|Any CPU
		{1D9CA2D6-344A-4124-901D-C9B7C77AFF04}.Release|Any CPU.ActiveCfg = Release|Any CPU
		{1D9CA2D6-344A-4124-901D-C9B7C77AFF04}.Release|Any CPU.Build.0 = Release|Any CPU
		{566A4836-6770-4987-A7DB-D8B67C28A03F}.Debug|Any CPU.ActiveCfg = Debug|Any CPU
		{566A4836-6770-4987-A7DB-D8B67C28A03F}.Debug|Any CPU.Build.0 = Debug|Any CPU
		{566A4836-6770-4987-A7DB-D8B67C28A03F}.Release|Any CPU.ActiveCfg = Release|Any CPU
		{566A4836-6770-4987-A7DB-D8B67C28A03F}.Release|Any CPU.Build.0 = Release|Any CPU
		{5932C18F-864A-4777-AF24-DB07992FCC55}.Debug|Any CPU.ActiveCfg = Debug|Any CPU
		{5932C18F-864A-4777-AF24-DB07992FCC55}.Debug|Any CPU.Build.0 = Debug|Any CPU
		{5932C18F-864A-4777-AF24-DB07992FCC55}.Release|Any CPU.ActiveCfg = Release|Any CPU
		{5932C18F-864A-4777-AF24-DB07992FCC55}.Release|Any CPU.Build.0 = Release|Any CPU
		{D53CE52A-8E09-409E-A593-979A57D2DFF6}.Debug|Any CPU.ActiveCfg = Debug|Any CPU
		{D53CE52A-8E09-409E-A593-979A57D2DFF6}.Debug|Any CPU.Build.0 = Debug|Any CPU
		{D53CE52A-8E09-409E-A593-979A57D2DFF6}.Release|Any CPU.ActiveCfg = Release|Any CPU
		{D53CE52A-8E09-409E-A593-979A57D2DFF6}.Release|Any CPU.Build.0 = Release|Any CPU
		{D10CBD6F-072A-4EF5-8D40-C8123335ED88}.Debug|Any CPU.ActiveCfg = Debug|Any CPU
		{D10CBD6F-072A-4EF5-8D40-C8123335ED88}.Debug|Any CPU.Build.0 = Debug|Any CPU
		{D10CBD6F-072A-4EF5-8D40-C8123335ED88}.Release|Any CPU.ActiveCfg = Release|Any CPU
		{D10CBD6F-072A-4EF5-8D40-C8123335ED88}.Release|Any CPU.Build.0 = Release|Any CPU
		{E114D530-EC37-456E-AE78-D81B94A41BCA}.Debug|Any CPU.ActiveCfg = Debug|Any CPU
		{E114D530-EC37-456E-AE78-D81B94A41BCA}.Debug|Any CPU.Build.0 = Debug|Any CPU
		{E114D530-EC37-456E-AE78-D81B94A41BCA}.Release|Any CPU.ActiveCfg = Release|Any CPU
		{E114D530-EC37-456E-AE78-D81B94A41BCA}.Release|Any CPU.Build.0 = Release|Any CPU
		{499D1277-F969-4F1A-A0CC-6E87A6EFF429}.Debug|Any CPU.ActiveCfg = Debug|Any CPU
		{499D1277-F969-4F1A-A0CC-6E87A6EFF429}.Debug|Any CPU.Build.0 = Debug|Any CPU
		{499D1277-F969-4F1A-A0CC-6E87A6EFF429}.Release|Any CPU.ActiveCfg = Release|Any CPU
		{499D1277-F969-4F1A-A0CC-6E87A6EFF429}.Release|Any CPU.Build.0 = Release|Any CPU
	EndGlobalSection
	GlobalSection(SolutionProperties) = preSolution
		HideSolutionNode = FALSE
	EndGlobalSection
	GlobalSection(NestedProjects) = preSolution
		{D53AABD6-8783-477B-9CDC-942B0D7FF079} = {BC89FBDE-0914-481B-8EE4-D53EF38E5ADD}
		{95218538-693A-47AB-AD1D-AA4556A304BA} = {BC89FBDE-0914-481B-8EE4-D53EF38E5ADD}
		{1D9CA2D6-344A-4124-901D-C9B7C77AFF04} = {BC89FBDE-0914-481B-8EE4-D53EF38E5ADD}
		{566A4836-6770-4987-A7DB-D8B67C28A03F} = {191A9D34-1FCF-4260-9826-657097EE62CA}
		{5932C18F-864A-4777-AF24-DB07992FCC55} = {73617D14-A3AA-4974-AC59-18E6CECEC72A}
		{D53CE52A-8E09-409E-A593-979A57D2DFF6} = {BC89FBDE-0914-481B-8EE4-D53EF38E5ADD}
		{D10CBD6F-072A-4EF5-8D40-C8123335ED88} = {81B29063-4B6D-4792-816C-3F453CA75543}
		{E114D530-EC37-456E-AE78-D81B94A41BCA} = {191A9D34-1FCF-4260-9826-657097EE62CA}
		{499D1277-F969-4F1A-A0CC-6E87A6EFF429} = {3D022D48-A1AD-4EB4-A29A-E71B71084FE6}
	EndGlobalSection
EndGlobal
